{
  "version": 1,
  "dependencies": {
    "net10.0": {
      "Breez.Sdk.Spark": {
        "type": "Direct",
        "requested": "[0.24.1, 0.24.1]",
        "resolved": "0.24.1",
        "contentHash": "MnTPYS4lThWTxkprVZ4a3ro0+B/AB+F6J90moLmmG5J6J51mBmCyGYoMp3aeAtqQssVCEOsEw+WP+CYZl0Oi5w=="
      },
      "SSH.NET": {
        "type": "Direct",
        "requested": "[2026.0.0, )",
        "resolved": "2026.0.0",
        "contentHash": "Yu9dirPq8l3oaat0+OQ7K0nUf5MmYltpia5UGqsApTG4zTPvBC1cxbNnC3NERij26dUST0A3Ef1QdHSn5ArbWQ==",
        "dependencies": {
          "BouncyCastle.Cryptography": "2.7.0",
          "Microsoft.Extensions.Logging.Abstractions": "8.0.3"
        }
      },
      "AngleSharp": {
        "type": "Transitive",
        "resolved": "1.7.0",
        "contentHash": "v1R++46dblGRBo2/fKFUfgtZOaFnDGQhqBM0AarxgZSJuumj1e1vexBbjlTv2hx3Olr3qeoJa2yUoWyv5fuJ5A=="
      },
      "AngleSharp.Css": {
        "type": "Transitive",
        "resolved": "1.0.1",
        "contentHash": "6S13xNHH+SUGPZd6EO1MhkuDbpEnFroUM6A8DZpLJHQnLRTvtBJb3Ydu65s618E4gWF9FSWmM5jhKk4RIfwT2A==",
        "dependencies": {
          "AngleSharp": "[1.5.0, 2.0.0)"
        }
      },
      "AWSSDK.Core": {
        "type": "Transitive",
        "resolved": "3.7.303.14",
        "contentHash": "CB0eSYIH1TjP2z16l8cKkG3UkuYj9KZdmGFuzx+JML7DhdsIz+dnuwI4fPf1mH8GlfjhS17xgHp1apDty/pS0A=="
      },
      "AWSSDK.S3": {
        "type": "Transitive",
        "resolved": "3.7.307.15",
        "contentHash": "wWNfFT5TvBBlSaqfAi1uQOcWISNyCZj82dsMlCyn0XIW8RKgOCJPfT9sRYdcDJAEaV+2LzPzk2KAChMYuEIYHA==",
        "dependencies": {
          "AWSSDK.Core": "[3.7.303.14, 4.0.0)"
        }
      },
      "Azure.Core": {
        "type": "Transitive",
        "resolved": "1.36.0",
        "contentHash": "vwqFZdHS4dzPlI7FFRkPx9ctA+aGGeRev3gnzG8lntWvKMmBhAmulABi1O9CEvS3/jzYt7yA+0pqVdxkpAd7dQ==",
        "dependencies": {
          "Microsoft.Bcl.AsyncInterfaces": "1.1.1",
          "System.Memory.Data": "1.0.2"
        }
      },
      "Azure.Storage.Blobs": {
        "type": "Transitive",
        "resolved": "12.19.1",
        "contentHash": "x43hWFJ4sPQ23TD4piCwT+KlQpZT8pNDAzqj6yUCqh+WJ2qcQa17e1gh6ZOeT2QNFQTTDSuR56fm2bIV7i11/w==",
        "dependencies": {
          "Azure.Storage.Common": "12.18.1"
        }
      },
      "Azure.Storage.Common": {
        "type": "Transitive",
        "resolved": "12.18.1",
        "contentHash": "ohCslqP9yDKIn+DVjBEOBuieB1QwsUCz+BwHYNaJ3lcIsTSiI4Evnq81HcKe8CqM8qvdModbipVQKpnxpbdWqA==",
        "dependencies": {
          "Azure.Core": "1.36.0",
          "System.IO.Hashing": "6.0.0"
        }
      },
      "BIP78.Sender": {
        "type": "Transitive",
        "resolved": "0.2.5",
        "contentHash": "23AHv0YsJXkFG8KMa+qSSUaFq2iuik8sDpu+/NG742JsopoHFHb7hfuL1wAr0SPn85P60CPxKnXB4UlKL11RAA==",
        "dependencies": {
          "NBitcoin": "9.0.0"
        }
      },
      "BouncyCastle.Cryptography": {
        "type": "Transitive",
        "resolved": "2.7.0",
        "contentHash": "U+12df8UEWHgBi04YVf/Lgi2dy3SItlIYvHjjEVa/BngCQIzDCDRBk50DDByCfDvSbe5pRNFr3b7UrVK2kMcLw=="
      },
      "BTCPayServer.Hwi": {
        "type": "Transitive",
        "resolved": "2.0.6",
        "contentHash": "c3/++nmhG2Tcvn28vp46VMjXp9vIN2oEdESOZEXZToCtl9pTiTQCHdazOyaB822WA3tTW87eusy0+q9L6e01Ag==",
        "dependencies": {
          "NBitcoin": "8.0.8"
        }
      },
      "BTCPayServer.Lightning.All": {
        "type": "Transitive",
        "resolved": "1.7.6",
        "contentHash": "vcIPjxAUJSAlPMe23+ug+EYuED7nfzVH9Okri82/13BZ+2zwRlmDX498CFvqdvF00zGdoGrhcjwxFa/IGKSdWA==",
        "dependencies": {
          "BTCPayServer.Lightning.CLightning": "1.7.5",
          "BTCPayServer.Lightning.Eclair": "1.7.1",
          "BTCPayServer.Lightning.LND": "1.7.1",
          "BTCPayServer.Lightning.LNDhub": "1.7.1",
          "BTCPayServer.Lightning.Phoenixd": "1.7.1"
        }
      },
      "BTCPayServer.Lightning.CLightning": {
        "type": "Transitive",
        "resolved": "1.7.5",
        "contentHash": "fhy4mySZvPAE8M+85LHmIDgn6ufkH/JdfIm71oEgcfhSJOJ6fe00YBPEx9mWxNdWOuVoa21MKYAHxT4JyfpM8A==",
        "dependencies": {
          "BTCPayServer.Lightning.Common": "1.7.1"
        }
      },
      "BTCPayServer.Lightning.Common": {
        "type": "Transitive",
        "resolved": "1.7.1",
        "contentHash": "ZR58Tx3byb+yEfqwyZrbDIMMZSaHepjGnEB26q1LzXtislzZUlFpRciSX0B4U0CfbvopDSbl+O0jgosJiFzyRA==",
        "dependencies": {
          "NBitcoin": "10.0.1",
          "Newtonsoft.Json": "13.0.3"
        }
      },
      "BTCPayServer.Lightning.Eclair": {
        "type": "Transitive",
        "resolved": "1.7.1",
        "contentHash": "ZXO1JaD5mljSBBh6peS12G/tXKlbeJmtAhegGNlFA9ui8miZxjaJbmYGBvMVX+2eQLuXygUtV/bgZFMPHSnYpA==",
        "dependencies": {
          "BTCPayServer.Lightning.Common": "1.7.1"
        }
      },
      "BTCPayServer.Lightning.LND": {
        "type": "Transitive",
        "resolved": "1.7.1",
        "contentHash": "Ur9pYRsxVmAA7UG2Aww1RVmEk2XhjDrBG73c283hqpDik5HyoixDrR9h6h9sRn0gGBw4N7/lNPuFvbLPnO2JFg==",
        "dependencies": {
          "BTCPayServer.Lightning.Common": "1.7.1"
        }
      },
      "BTCPayServer.Lightning.LNDhub": {
        "type": "Transitive",
        "resolved": "1.7.1",
        "contentHash": "PwYMEthz+DpBqwNVVzPPz9q3MZdomd8a7zXh+DCbyWSBAzb9knh0eplhqjSj9FezTVwnpaWrwhY6BjrDKzW8+g==",
        "dependencies": {
          "BTCPayServer.Lightning.Common": "1.7.1"
        }
      },
      "BTCPayServer.Lightning.Phoenixd": {
        "type": "Transitive",
        "resolved": "1.7.1",
        "contentHash": "xBNjTplPd+OwHTALQvPwOSir3xu2i2HgPvDkbjrzvq55L6U8EsRG8dEvEzabEYHEcNkDBDIIO5OSTwfrod33nA==",
        "dependencies": {
          "BTCPayServer.Lightning.Common": "1.7.1"
        }
      },
      "BTCPayServer.NTag424": {
        "type": "Transitive",
        "resolved": "1.0.25",
        "contentHash": "VDjJ81QW8dpruWACHD2vxRFpqdH/t+QyVKy88gPWPSPsXdcXTUgKzW9rz8dDem4J2mz6XLPF1SGx11YJz2Spuw=="
      },
      "CsvHelper": {
        "type": "Transitive",
        "resolved": "33.1.0",
        "contentHash": "kqfTOZGrn7NarNeXgjh86JcpTHUoeQDMB8t9NVa/ZtlSYiV1rxfRnQ49WaJsob4AiGrbK0XDzpyKkBwai4F8eg=="
      },
      "Dapper": {
        "type": "Transitive",
        "resolved": "2.1.79",
        "contentHash": "8YijbzgTfmqmQOnVNorYM6K++pxqnW3nJ4aC1sRHzxUA2CcuoJ9gsTem3kgBnPRMc38zZHl4Esb6hAezXIEEuw=="
      },
      "DigitalRuby.ExchangeSharp": {
        "type": "Transitive",
        "resolved": "1.2.1",
        "contentHash": "ML8pr6XsUYWULVEQoDqhfLEEwY68404avN/NmmLejbWwyasTEjkMahM41hLa+cC9p2pk4Sb5DqRqJnyxD4TC+A==",
        "dependencies": {
          "BouncyCastle.Cryptography": "2.6.2",
          "Microsoft.AspNet.SignalR.Client": "2.4.3",
          "NLog": "6.0.3",
          "Newtonsoft.Json": "13.0.3",
          "SocketIOClient": "3.1.2",
          "System.Configuration.ConfigurationManager": "9.0.8",
          "System.IdentityModel.Tokens.Jwt": "8.13.1"
        }
      },
      "Fido2": {
        "type": "Transitive",
        "resolved": "4.0.1",
        "contentHash": "k/+JLt4J4k4zccYwtV1yiRMZEphwj+GacQeVj1p7foEp787a8vJFkHtLnyzSRsnbf9JDYEh7SF8VBWlTTbdsdQ==",
        "dependencies": {
          "Fido2.Models": "4.0.1",
          "Microsoft.Extensions.Http": "9.0.0",
          "Microsoft.IdentityModel.JsonWebTokens": "8.2.0",
          "NSec.Cryptography": "25.4.0",
          "System.Formats.Cbor": "9.0.0"
        }
      },
      "Fido2.AspNet": {
        "type": "Transitive",
        "resolved": "4.0.1",
        "contentHash": "KupbLzUjy40wgQIW21sTl+KmlnJVdFqJqF7bGFhl/g2BzayagYvEl6yllIInZWsVu8AGHAO33OmeO8JZVH+z9w==",
        "dependencies": {
          "Fido2": "4.0.1",
          "Fido2.Models": "4.0.1"
        }
      },
      "Fido2.Models": {
        "type": "Transitive",
        "resolved": "4.0.1",
        "contentHash": "SepPhuYlDEWFwObg39xea9e5Ck5a7qpUP0vjIWzkEOCXDWsKQaW9sdN+m+h9phiCzb0r3w1yauypnHN11CozIw==",
        "dependencies": {
          "Microsoft.Bcl.Memory": "9.0.14"
        }
      },
      "Google.Api.Gax": {
        "type": "Transitive",
        "resolved": "3.6.0",
        "contentHash": "to0jodBVcEpbb2cjyfTsCtV7vhpHfbbYNSEcCHMvnvPhVs2f97HBuFPUzfrq6RP8G5Fg5kuiu9fhk0GKyG9EDg==",
        "dependencies": {
          "Microsoft.Bcl.AsyncInterfaces": "1.0.0",
          "Newtonsoft.Json": "12.0.3"
        }
      },
      "Google.Api.Gax.Rest": {
        "type": "Transitive",
        "resolved": "3.6.0",
        "contentHash": "OzOlGoAtJhm9Fxchcvh2GrMrKdn7QdwmHJYzxZJezIcVaw4nT7hLBabxVeqWgccBQ4HTTh5/50VwH+o97HyLHg==",
        "dependencies": {
          "Google.Api.Gax": "3.6.0",
          "Google.Apis.Auth": "[1.53.0, 2.0.0)"
        }
      },
      "Google.Apis": {
        "type": "Transitive",
        "resolved": "1.55.0",
        "contentHash": "siw3M6VOFbkrTlOTo7F89BrdDFQw/XVks8qo4xDMXwGpwKpCt0KWENYs7N2RWFznJghlrmPuZ6Sx13vvYqrynA==",
        "dependencies": {
          "Google.Apis.Core": "1.55.0"
        }
      },
      "Google.Apis.Auth": {
        "type": "Transitive",
        "resolved": "1.55.0",
        "contentHash": "YPHAgzqsU3j/CiPjb2GSvZo2kHhVkFsdfrqA8X5CUWxlwfivcvSn3N5Hi995r4vpGRNmyXNiWZOXbFKps03bmg==",
        "dependencies": {
          "Google.Apis": "1.55.0",
          "Google.Apis.Core": "1.55.0"
        }
      },
      "Google.Apis.Core": {
        "type": "Transitive",
        "resolved": "1.55.0",
        "contentHash": "QX6pmjRxZYgyGFqsa7tyxdjoEb6ssJ9lv6ub8AxhPd/BCMEglmqzW4GpsuKQZaRg9Qq9gp9HRzjCiLZ3RgmNgw==",
        "dependencies": {
          "Newtonsoft.Json": "13.0.1"
        }
      },
      "Google.Apis.Storage.v1": {
        "type": "Transitive",
        "resolved": "1.55.0.2526",
        "contentHash": "mqaWdwpCA0LGQZMz32+DP/veR/XrJGymfPLsCGOUgAthV2uwFa5c2k98PCKA6q95PkL9219xLSOeYvUoRmvPFQ==",
        "dependencies": {
          "Google.Apis": "1.55.0",
          "Google.Apis.Auth": "1.55.0"
        }
      },
      "Google.Cloud.Storage.V1": {
        "type": "Transitive",
        "resolved": "3.7.0",
        "contentHash": "QiLwCcyyNquxp9rNRe+chSUlPCrmBRwRsTqTomnk+bky4WKs2+sOLds+WzIi9cU8KdIOC2mW31ywv1NWoUt6Gg==",
        "dependencies": {
          "Google.Api.Gax.Rest": "[3.6.0, 4.0.0)",
          "Google.Apis.Storage.v1": "[1.55.0.2526, 2.0.0)"
        }
      },
      "HtmlSanitizer": {
        "type": "Transitive",
        "resolved": "9.1.982",
        "contentHash": "+KBhQAoddWFWXgyWfmV5QAW9auveh29581t47jxtjJAEB5BxZILR2LUue5Lr4DCZFtpYeUUskD3nE1tct7DJPw==",
        "dependencies": {
          "AngleSharp": "1.7.0",
          "AngleSharp.Css": "1.0.1"
        }
      },
      "libsodium": {
        "type": "Transitive",
        "resolved": "1.0.20.1",
        "contentHash": "pkiceEqJDQFHjbga3k/oPfTVX9g+GKJZ1VrkuiLhaymt9YNw1Dr7cX9hNuZuNaWcr9WD0moW55k4pMwzQ7JaZQ=="
      },
      "LNURL": {
        "type": "Transitive",
        "resolved": "0.0.36",
        "contentHash": "OOqdRaL1aIZ/UsP/73faxRd0G7iIQotcwb/zUsiGscfKEB7eA2/NMr4BWLBHX2RIGW0O+T75C7ov6K1BN2YN4w==",
        "dependencies": {
          "BTCPayServer.Lightning.Common": "1.5.1",
          "Microsoft.AspNet.WebApi.Client": "5.2.9",
          "Newtonsoft.Json": "13.0.3"
        }
      },
      "MailKit": {
        "type": "Transitive",
        "resolved": "4.17.0",
        "contentHash": "1nUAVLxM9fhT/78we6/AGsCesnpn5dRNLLeRqOfr52Wnk87pzVwo5YMTMyqnmoXrYc7piGhmayiMA/OgDluIjg==",
        "dependencies": {
          "MimeKit": "4.17.0"
        }
      },
      "Microsoft.AspNet.SignalR.Client": {
        "type": "Transitive",
        "resolved": "2.4.3",
        "contentHash": "W+sWtcEUG4Z2Ea+tLZs4n8SVjpVU/7MSb6TrfJ9/AVdQ0Yu75vaDWzbIvjk1TvoqdyQldrpsWXRyHtGU/jHtiQ==",
        "dependencies": {
          "Newtonsoft.Json": "11.0.2"
        }
      },
      "Microsoft.AspNet.WebApi.Client": {
        "type": "Transitive",
        "resolved": "6.0.0",
        "contentHash": "zXeWP03dTo67AoDHUzR+/urck0KFssdCKOC+dq7Nv1V2YbFh/nIg09L0/3wSvyRONEdwxGB/ssEGmPNIIhAcAw==",
        "dependencies": {
          "Newtonsoft.Json": "13.0.1",
          "Newtonsoft.Json.Bson": "1.0.2"
        }
      },
      "Microsoft.AspNetCore.Connections.Abstractions": {
        "type": "Transitive",
        "resolved": "10.0.10",
        "contentHash": "oXFVxDMZeUSCVGRyZsZAIJIrKVNayMstMfBrNOkPWJvxePziwmTGfx3+HPlf5bnwYxt6oq/FKduCoTIXXMNf1A==",
        "dependencies": {
          "Microsoft.Extensions.Features": "10.0.10"
        }
      },
      "Microsoft.AspNetCore.Cryptography.Internal": {
        "type": "Transitive",
        "resolved": "10.0.10",
        "contentHash": "T/kOT3kAVZU1B0QlpRxASpdbAJ/o5DLFW7bWS6vyE44uMqPmojEcaFENt6ww1xaLH++ZNwsEJ1YUOwPK050lNQ=="
      },
      "Microsoft.AspNetCore.Cryptography.KeyDerivation": {
        "type": "Transitive",
        "resolved": "10.0.10",
        "contentHash": "w6P461MvhJrttEcyGfN00tf8rdwQJFK+s0pebR44jiTzAa+PUZ804xzbGZQpR6klSFd212M4DIIROSaW0Acifg==",
        "dependencies": {
          "Microsoft.AspNetCore.Cryptography.Internal": "10.0.10"
        }
      },
      "Microsoft.AspNetCore.Identity.EntityFrameworkCore": {
        "type": "Transitive",
        "resolved": "10.0.10",
        "contentHash": "/ZV8RMWbWob1ZGsF5f1wVJNNlFLPKCf2ba834PpQiNhirVQ/ksup5SujtuUsvByHEZgv+9dmjC/4Xdi75axmXQ==",
        "dependencies": {
          "Microsoft.EntityFrameworkCore.Relational": "10.0.10",
          "Microsoft.Extensions.Identity.Stores": "10.0.10"
        }
      },
      "Microsoft.AspNetCore.JsonPatch": {
        "type": "Transitive",
        "resolved": "10.0.10",
        "contentHash": "sNPvgAoV/IsK4fS2gYDAqvbK5kMQPCU8h7WjOjxS1f4/0+bGnnZbTJ0ceM8jvMcUanDoNpYRFf+7UDb+s3P1ag==",
        "dependencies": {
          "Newtonsoft.Json": "13.0.3"
        }
      },
      "Microsoft.AspNetCore.Mvc.NewtonsoftJson": {
        "type": "Transitive",
        "resolved": "10.0.10",
        "contentHash": "BuigyKPrvORCHyU8Vna7eQMQg6hDNqRQyFGCEa0+QJ8pLL5xcgNpLzaD1eom54Oaxb4mHnPs8MaPKejNL9lTKA==",
        "dependencies": {
          "Microsoft.AspNetCore.JsonPatch": "10.0.10",
          "Newtonsoft.Json": "13.0.3",
          "Newtonsoft.Json.Bson": "1.0.2"
        }
      },
      "Microsoft.AspNetCore.SignalR.Common": {
        "type": "Transitive",
        "resolved": "10.0.10",
        "contentHash": "X0bTYSNXyLeOHbS4HbF1x4aXFUxgu35CyUgAuCJGpZcRz2wwftRbeJ6v17wlUm7Dzvbbo5Dvff5arwY2tDHYBg==",
        "dependencies": {
          "Microsoft.AspNetCore.Connections.Abstractions": "10.0.10",
          "Microsoft.Extensions.Options": "10.0.10"
        }
      },
      "Microsoft.AspNetCore.SignalR.Protocols.NewtonsoftJson": {
        "type": "Transitive",
        "resolved": "10.0.10",
        "contentHash": "YWCDeZYmRtF527xH5RYGa2aPyefHhjDpAMsqaD5+OxjfYqH26/fBF9vx2CrcTq27z3TZwdMtGNJTRrnExeuOaw==",
        "dependencies": {
          "Microsoft.AspNetCore.SignalR.Common": "10.0.10",
          "Newtonsoft.Json": "13.0.3"
        }
      },
      "Microsoft.Bcl.AsyncInterfaces": {
        "type": "Transitive",
        "resolved": "1.1.1",
        "contentHash": "yuvf07qFWFqtK3P/MRkEKLhn5r2UbSpVueRziSqj0yJQIKFwG1pq9mOayK3zE5qZCTs0CbrwL9M6R8VwqyGy2w=="
      },
      "Microsoft.Bcl.Memory": {
        "type": "Transitive",
        "resolved": "9.0.14",
        "contentHash": "laQCcjTM2FnbyznkAu9hwBuQh3z2/OtJKwjGkJOUevylFpFXZIUVq/+MU2jM0HQm1n5wsjjwtLIDOiWJ6Nai3A=="
      },
      "Microsoft.CodeAnalysis.Analyzers": {
        "type": "Transitive",
        "resolved": "5.3.0",
        "contentHash": "KuLhbZwB0L8JikL86AE5VWEp3RLNjIcp+j8yz9EJ/UBgRz4+qDEjHg/tluRFbpYpD/e37BqaaNFbQ0vqawBwWQ=="
      },
      "Microsoft.CodeAnalysis.Common": {
        "type": "Transitive",
        "resolved": "5.6.0",
        "contentHash": "eWYNB5e92PSdkQ0xcmy2aLtrvBXNydnVi0Hj/VjaAely6XBqA3By+ClGAJaj4d16pzQmrXPLLK9RDVuS1Ec9xQ==",
        "dependencies": {
          "Microsoft.CodeAnalysis.Analyzers": "5.3.0"
        }
      },
      "Microsoft.CodeAnalysis.CSharp": {
        "type": "Transitive",
        "resolved": "5.6.0",
        "contentHash": "r1DrKQ/L0xTw03wJrLr36AMQNslyaeEKBFyFmQcOKa8HX3YvmhY//JEUafb6IR/m0gmaUVCfBTWitKJRNb7YAA==",
        "dependencies": {
          "Microsoft.CodeAnalysis.Analyzers": "5.3.0",
          "Microsoft.CodeAnalysis.Common": "[5.6.0]"
        }
      },
      "Microsoft.EntityFrameworkCore": {
        "type": "Transitive",
        "resolved": "10.0.10",
        "contentHash": "a0V7zj/VbYP6dTdWpUgE/r2PuLKtUGe2aJ0lVKkn/wP9ZhaxUz2kQydVfvOjCv2SKxlrqdBfHhPD4Cvlf+4ffA==",
        "dependencies": {
          "Microsoft.EntityFrameworkCore.Abstractions": "10.0.10",
          "Microsoft.EntityFrameworkCore.Analyzers": "10.0.10",
          "Microsoft.Extensions.Caching.Memory": "10.0.10",
          "Microsoft.Extensions.Logging": "10.0.10"
        }
      },
      "Microsoft.EntityFrameworkCore.Abstractions": {
        "type": "Transitive",
        "resolved": "10.0.10",
        "contentHash": "bOzrFCl6uZCjaSh2bG1ToRQRdx+iXvxosCg9hFyG9OWeAzOFI4xev9OqKeWfKf/kAHyox2JnbcvLVf2ceA7sqA=="
      },
      "Microsoft.EntityFrameworkCore.Analyzers": {
        "type": "Transitive",
        "resolved": "10.0.10",
        "contentHash": "2gLDordUCGf3aNOOuqtTbP5mxhiP9nk6TnvGiE3RnqT891O+Zf/qKu1PIREubs1M16A0SImr4vULBfU5BTDs1Q=="
      },
      "Microsoft.EntityFrameworkCore.Relational": {
        "type": "Transitive",
        "resolved": "10.0.10",
        "contentHash": "wNonj40aZxia+GtuBiiD6ZqVh4h6y5Nje1bGdmzZ8/ui0QRsAN+S0SIrLHFCEGbG9cDbeaE40sh+Lr7o9rRs6g==",
        "dependencies": {
          "Microsoft.EntityFrameworkCore": "10.0.10",
          "Microsoft.Extensions.Caching.Memory": "10.0.10",
          "Microsoft.Extensions.Configuration.Abstractions": "10.0.10",
          "Microsoft.Extensions.Logging": "10.0.10"
        }
      },
      "Microsoft.Extensions.Caching.Abstractions": {
        "type": "Transitive",
        "resolved": "10.0.10",
        "contentHash": "4ZFBNE+jzR+CrWWlhOesnmywCW7pYKT0dxyAQRdL11yJwxe4jvcAu31eorFtEkoFeCDcUTeNssgPv2yaRRptaQ==",
        "dependencies": {
          "Microsoft.Extensions.Primitives": "10.0.10"
        }
      },
      "Microsoft.Extensions.Caching.Memory": {
        "type": "Transitive",
        "resolved": "10.0.10",
        "contentHash": "N1w5H7uK6gCTnCBZAWzE0/EQYSPysij/uYwDqntqBVvBa6bjMmBKitsnEFd6yh/SX3wLm67nO6+OnZ84K+gZWg==",
        "dependencies": {
          "Microsoft.Extensions.Caching.Abstractions": "10.0.10",
          "Microsoft.Extensions.DependencyInjection.Abstractions": "10.0.10",
          "Microsoft.Extensions.Logging.Abstractions": "10.0.10",
          "Microsoft.Extensions.Options": "10.0.10",
          "Microsoft.Extensions.Primitives": "10.0.10"
        }
      },
      "Microsoft.Extensions.Configuration": {
        "type": "Transitive",
        "resolved": "10.0.10",
        "contentHash": "plJWK2zpWuuyxI8F8s2scx6Je7N1Ajjs6HvYUGKwRnDMWIVIz9FHwAkiT7ASgrvAOd10T0FPVlh9BzAJJME+jg==",
        "dependencies": {
          "Microsoft.Extensions.Configuration.Abstractions": "10.0.10",
          "Microsoft.Extensions.Primitives": "10.0.10"
        }
      },
      "Microsoft.Extensions.Configuration.Abstractions": {
        "type": "Transitive",
        "resolved": "10.0.10",
        "contentHash": "5Vnd2I75DmZCVEjSynIdJ/0EGafgnLQwgR3t2C2/fkjx/nRG+cLwxLLdInoHeCEpkD5K4Ov/g9ZCRYrl4TRsaA==",
        "dependencies": {
          "Microsoft.Extensions.Primitives": "10.0.10"
        }
      },
      "Microsoft.Extensions.Configuration.Binder": {
        "type": "Transitive",
        "resolved": "10.0.10",
        "contentHash": "GqmN2o1CkJvk7uWp+p4CwBYW0w/zfoEbvsiFDbO2G8l1Uz+mrDAbAcZiXhU2lufKPby1cjAUdd5GTWpebYOkOA==",
        "dependencies": {
          "Microsoft.Extensions.Configuration": "10.0.10",
          "Microsoft.Extensions.Configuration.Abstractions": "10.0.10"
        }
      },
      "Microsoft.Extensions.Configuration.EnvironmentVariables": {
        "type": "Transitive",
        "resolved": "6.0.0",
        "contentHash": "DjYkzqvhiHCq38LW71PcIxXk6nhtV6VySP9yDcSO0goPl7YCU1VG1f2Wbgy58lkA10pWkjHCblZPUyboCB93ZA==",
        "dependencies": {
          "Microsoft.Extensions.Configuration": "6.0.0",
          "Microsoft.Extensions.Configuration.Abstractions": "6.0.0"
        }
      },
      "Microsoft.Extensions.Configuration.FileExtensions": {
        "type": "Transitive",
        "resolved": "6.0.0",
        "contentHash": "V4Dth2cYMZpw3HhGw9XUDIijpI6gN+22LDt0AhufIgOppCUfpWX4483OmN+dFXRJkJLc8Tv0Q8QK+1ingT2+KQ==",
        "dependencies": {
          "Microsoft.Extensions.Configuration": "6.0.0",
          "Microsoft.Extensions.Configuration.Abstractions": "6.0.0",
          "Microsoft.Extensions.FileProviders.Abstractions": "6.0.0",
          "Microsoft.Extensions.FileProviders.Physical": "6.0.0",
          "Microsoft.Extensions.Primitives": "6.0.0"
        }
      },
      "Microsoft.Extensions.Configuration.Ini": {
        "type": "Transitive",
        "resolved": "6.0.0",
        "contentHash": "4p1kPxibT+RNlj91k9SfvtNIUALqru9xmh+XT7Pfw80WAufCmgj3F81hpXZ4YOcFFphBSw1a+n8NZQooWxCHWQ==",
        "dependencies": {
          "Microsoft.Extensions.Configuration": "6.0.0",
          "Microsoft.Extensions.Configuration.Abstractions": "6.0.0",
          "Microsoft.Extensions.Configuration.FileExtensions": "6.0.0",
          "Microsoft.Extensions.FileProviders.Abstractions": "6.0.0"
        }
      },
      "Microsoft.Extensions.DependencyInjection": {
        "type": "Transitive",
        "resolved": "10.0.10",
        "contentHash": "ANyvsgkNBRvcJh2XLgn8veGmajf+8m0AbKK+HPWdRL1yraSNVVSmQhFntLtdz/C795jxqqup+k05cs/3jZQPOA==",
        "dependencies": {
          "Microsoft.Extensions.DependencyInjection.Abstractions": "10.0.10"
        }
      },
      "Microsoft.Extensions.DependencyInjection.Abstractions": {
        "type": "Transitive",
        "resolved": "10.0.10",
        "contentHash": "z/2xXlFw2aLGjHyEm6E0tQ+In6VfzQzTrtArbQ2c0TQE16ZbyDCMGPvaUT9I0s8rgy9sRWlU2P9waW37qV04qA=="
      },
      "Microsoft.Extensions.DependencyModel": {
        "type": "Transitive",
        "resolved": "10.0.0",
        "contentHash": "RFYJR7APio/BiqdQunRq6DB+nDB6nc2qhHr77mlvZ0q0BT8PubMXN7XicmfzCbrDE/dzhBnUKBRXLTcqUiZDGg=="
      },
      "Microsoft.Extensions.Diagnostics": {
        "type": "Transitive",
        "resolved": "10.0.10",
        "contentHash": "Kr/e7lUf4+N8tacbqJ2Ctwe/HarKdAc9ZkgKVVqvtJDBKbez+T/KnUwu82KSlnBp/SrpBcxc7u7xkE2oUZT/5Q==",
        "dependencies": {
          "Microsoft.Extensions.Configuration": "10.0.10",
          "Microsoft.Extensions.Diagnostics.Abstractions": "10.0.10",
          "Microsoft.Extensions.Options.ConfigurationExtensions": "10.0.10"
        }
      },
      "Microsoft.Extensions.Diagnostics.Abstractions": {
        "type": "Transitive",
        "resolved": "10.0.10",
        "contentHash": "9uWiKpeOVac355STyChWR/pliFX/5CeLqChW9kKsaxyDH4EUTZxMkT4Jwp/J/peLm0GBFmSX5c0WCse3yCnq1Q==",
        "dependencies": {
          "Microsoft.Extensions.DependencyInjection.Abstractions": "10.0.10",
          "Microsoft.Extensions.Options": "10.0.10"
        }
      },
      "Microsoft.Extensions.Features": {
        "type": "Transitive",
        "resolved": "10.0.10",
        "contentHash": "4Zdm7n1vxXAXpHOhGQVpGd5KCdcI1EWk66ilgdrDt2I+928ND+u/F+EVrzYi9pmRR+XeAE47kjuVEmkP0b0mBw=="
      },
      "Microsoft.Extensions.FileProviders.Abstractions": {
        "type": "Transitive",
        "resolved": "10.0.0",
        "contentHash": "/ppSdehKk3fuXjlqCDgSOtjRK/pSHU8eWgzSHfHdwVm5BP4Dgejehkw+PtxKG2j98qTDEHDst2Y99aNsmJldmw==",
        "dependencies": {
          "Microsoft.Extensions.Primitives": "10.0.0"
        }
      },
      "Microsoft.Extensions.FileProviders.Physical": {
        "type": "Transitive",
        "resolved": "6.0.0",
        "contentHash": "QvkL7l0nM8udt3gfyu0Vw8bbCXblxaKOl7c2oBfgGy4LCURRaL9XWZX1FWJrQc43oMokVneVxH38iz+bY1sbhg==",
        "dependencies": {
          "Microsoft.Extensions.FileProviders.Abstractions": "6.0.0",
          "Microsoft.Extensions.FileSystemGlobbing": "6.0.0",
          "Microsoft.Extensions.Primitives": "6.0.0"
        }
      },
      "Microsoft.Extensions.FileSystemGlobbing": {
        "type": "Transitive",
        "resolved": "6.0.0",
        "contentHash": "ip8jnL1aPiaPeKINCqaTEbvBFDmVx9dXQEBZ2HOBRXPD1eabGNqP/bKlsIcp7U2lGxiXd5xIhoFcmY8nM4Hdiw=="
      },
      "Microsoft.Extensions.Hosting.Abstractions": {
        "type": "Transitive",
        "resolved": "10.0.0",
        "contentHash": "KrN6TGFwCwqOkLLk/idW/XtDQh+8In+CL9T4M1Dx+5ScsjTq4TlVbal8q532m82UYrMr6RiQJF2HvYCN0QwVsA==",
        "dependencies": {
          "Microsoft.Extensions.Configuration.Abstractions": "10.0.0",
          "Microsoft.Extensions.DependencyInjection.Abstractions": "10.0.0",
          "Microsoft.Extensions.Diagnostics.Abstractions": "10.0.0",
          "Microsoft.Extensions.FileProviders.Abstractions": "10.0.0",
          "Microsoft.Extensions.Logging.Abstractions": "10.0.0"
        }
      },
      "Microsoft.Extensions.Http": {
        "type": "Transitive",
        "resolved": "9.0.0",
        "contentHash": "DqI4q54U4hH7bIAq9M5a/hl5Odr/KBAoaZ0dcT4OgutD8dook34CbkvAfAIzkMVjYXiL+E5ul9etwwqiX4PHGw==",
        "dependencies": {
          "Microsoft.Extensions.Configuration.Abstractions": "9.0.0",
          "Microsoft.Extensions.DependencyInjection.Abstractions": "9.0.0",
          "Microsoft.Extensions.Diagnostics": "9.0.0",
          "Microsoft.Extensions.Logging": "9.0.0",
          "Microsoft.Extensions.Logging.Abstractions": "9.0.0",
          "Microsoft.Extensions.Options": "9.0.0"
        }
      },
      "Microsoft.Extensions.Identity.Core": {
        "type": "Transitive",
        "resolved": "10.0.10",
        "contentHash": "ZA+9MX1D7+jm/1RF3iOOBThCps55MT1jAwLne1dryMj9cuAeOVtGS3pBegqk1Mwza+0tuVAklob+Q/EA9bHnQw==",
        "dependencies": {
          "Microsoft.AspNetCore.Cryptography.KeyDerivation": "10.0.10",
          "Microsoft.Extensions.Diagnostics": "10.0.10",
          "Microsoft.Extensions.Logging": "10.0.10",
          "Microsoft.Extensions.Options": "10.0.10"
        }
      },
      "Microsoft.Extensions.Identity.Stores": {
        "type": "Transitive",
        "resolved": "10.0.10",
        "contentHash": "WMG/9wPJPnwU2w1R/WPLO/RL2UpGpBhw9z6odAAUkFdZypzzXl620FJWEoPpuBUq6Q4GYgMg0FQVRCO6gO4MQQ==",
        "dependencies": {
          "Microsoft.Extensions.Caching.Abstractions": "10.0.10",
          "Microsoft.Extensions.Identity.Core": "10.0.10",
          "Microsoft.Extensions.Logging": "10.0.10"
        }
      },
      "Microsoft.Extensions.Logging": {
        "type": "Transitive",
        "resolved": "10.0.10",
        "contentHash": "Tf6z5HsL0VDYRTfvsoNrTGHGheCwkTsZBA2FFh5ATJUbkAwug+FFNISJK2gjpUNemlAOoWllAK52HOWCjto3EQ==",
        "dependencies": {
          "Microsoft.Extensions.DependencyInjection": "10.0.10",
          "Microsoft.Extensions.Logging.Abstractions": "10.0.10",
          "Microsoft.Extensions.Options": "10.0.10"
        }
      },
      "Microsoft.Extensions.Logging.Abstractions": {
        "type": "Transitive",
        "resolved": "10.0.10",
        "contentHash": "zkFxGYUvdxAvIKTyXHrmW+Sux53D4SezD9dMyZ6hrwwzPQJNuwCRy1f5W7AvYTqacEGhWF2XderRQG1OvbV8og==",
        "dependencies": {
          "Microsoft.Extensions.DependencyInjection.Abstractions": "10.0.10"
        }
      },
      "Microsoft.Extensions.Options": {
        "type": "Transitive",
        "resolved": "10.0.10",
        "contentHash": "srnhnk7nE8krBiIXp71LvBmKBtraBONWSRzdjJgRv1Ko9Mp8IVNqv4vIS9hGeVteBig8aQkva9ZG+sC+o5sVcA==",
        "dependencies": {
          "Microsoft.Extensions.DependencyInjection.Abstractions": "10.0.10",
          "Microsoft.Extensions.Primitives": "10.0.10"
        }
      },
      "Microsoft.Extensions.Options.ConfigurationExtensions": {
        "type": "Transitive",
        "resolved": "10.0.10",
        "contentHash": "tnBmu/LwF25ZQK+HBNCu2xrwnkKoB/XEbJyooGGoYxHrhvxbSKi7eOFiJ4AXBy/QU4vtCvCJfoi8k9Ej72qzOQ==",
        "dependencies": {
          "Microsoft.Extensions.Configuration.Abstractions": "10.0.10",
          "Microsoft.Extensions.Configuration.Binder": "10.0.10",
          "Microsoft.Extensions.DependencyInjection.Abstractions": "10.0.10",
          "Microsoft.Extensions.Options": "10.0.10",
          "Microsoft.Extensions.Primitives": "10.0.10"
        }
      },
      "Microsoft.Extensions.Primitives": {
        "type": "Transitive",
        "resolved": "10.0.10",
        "contentHash": "5wu/GrYVd8mG2DVUw3vFJzF+O336TyTGg/Kmcgw9bfwYhCoFiV5lR5QeEmKecJyrW4W54nMfD3p3589E8a7czQ=="
      },
      "Microsoft.Identity.Abstractions": {
        "type": "Transitive",
        "resolved": "9.3.0",
        "contentHash": "h9l1IYmHecH/iCkhHvJIgSRidp5igQ9zM9s8DJ03DDThjJAVQzopucFEWPEPu1YpNt8VFc46sC6zpspfViNKPQ=="
      },
      "Microsoft.IdentityModel.Abstractions": {
        "type": "Transitive",
        "resolved": "8.13.1",
        "contentHash": "syKvRx82lGmZnaK4xlrbJb0mCLV0Yv+gyAApEfKhwaUEgEs9NPPkiUvthYOldRFhXwUscMBA7Uehd7u/pD+WTQ=="
      },
      "Microsoft.IdentityModel.JsonWebTokens": {
        "type": "Transitive",
        "resolved": "8.13.1",
        "contentHash": "y2aOHMgUccbiiikRyzuQkxD6Z7TGTVVxWlh3p+HfpMtnl91H64CgPIcO14rZtnO3lQjF3FAKc9iaqdTcRKQfQw==",
        "dependencies": {
          "Microsoft.IdentityModel.Tokens": "8.13.1"
        }
      },
      "Microsoft.IdentityModel.Logging": {
        "type": "Transitive",
        "resolved": "8.13.1",
        "contentHash": "zTydfVg6hvtYRPrfBaAZGELtdBKxM3NXtLQ/j1QT9LFZybq5L9S/uoovps9vRdaRGxWxQfkjF3Bh8CLuvpj2Ag==",
        "dependencies": {
          "Microsoft.IdentityModel.Abstractions": "8.13.1"
        }
      },
      "Microsoft.IdentityModel.Tokens": {
        "type": "Transitive",
        "resolved": "8.13.1",
        "contentHash": "9Nnr8JlJNIMAulhIi0D3ZevO54NQdk+IHH6skey1KSOItPFhOSe2dp9VeRMJZ1sN168gtDTOl8XRDbltHvxmhg==",
        "dependencies": {
          "Microsoft.Extensions.Logging.Abstractions": "8.0.0",
          "Microsoft.Identity.Abstractions": "9.3.0",
          "Microsoft.IdentityModel.Logging": "8.13.1"
        }
      },
      "Microsoft.NETCore.Platforms": {
        "type": "Transitive",
        "resolved": "1.1.0",
        "contentHash": "kz0PEW2lhqygehI/d6XsPCQzD7ff7gUJaVGPVETX611eadGsA3A877GdSlU0LRVMCTH/+P3o2iDTak+S08V2+A=="
      },
      "Microsoft.Win32.SystemEvents": {
        "type": "Transitive",
        "resolved": "6.0.0",
        "contentHash": "hqTM5628jSsQiv+HGpiq3WKBl2c8v1KZfby2J6Pr7pEPlK9waPdgEO6b8A/+/xn/yZ9ulv8HuqK71ONy2tg67A=="
      },
      "MimeKit": {
        "type": "Transitive",
        "resolved": "4.17.0",
        "contentHash": "h/KXsCreJf8RpR/PSAtlbvYtZFndp9N8Wn1Bs248AL7ITyhn+AiIY5bLTvt60tbN2mu6g8KadtBNWygTji2lqg==",
        "dependencies": {
          "BouncyCastle.Cryptography": "2.6.2",
          "System.Security.Cryptography.Pkcs": "10.0.0"
        }
      },
      "NBitcoin": {
        "type": "Transitive",
        "resolved": "10.0.8",
        "contentHash": "ZM4/FxOKxF/sTHZtWefyO3DP4qezRqzcrzzdR/MzTqbUbRhyqGoV3rcn4UWBGyVKucPV7EE7rTt8xlbfM7gsJg==",
        "dependencies": {
          "Microsoft.Extensions.Logging.Abstractions": "1.0.0",
          "Newtonsoft.Json": "13.0.1"
        }
      },
      "NBitcoin.Altcoins": {
        "type": "Transitive",
        "resolved": "6.0.4",
        "contentHash": "IzQp1Z8bVvMZefyw9NI+aF4R+H6uBXxkXNWa7z7lso3u52b6/JiAlp5jegsUaqc3Yej+iQTM/udHSCJ/JzSS0Q==",
        "dependencies": {
          "NBitcoin": "10.0.8"
        }
      },
      "NBitpayClient": {
        "type": "Transitive",
        "resolved": "1.0.0.39",
        "contentHash": "A8QeBY/DQL3cBKniiJG6c1HurSP7TrW2v0bjayXS9wVkr0O4ys04Lk8ZNElkwpGPH9xINsTLQQ8HVqx1zkfbfQ==",
        "dependencies": {
          "NBitcoin": "5.0.40",
          "NETStandard.Library": "1.6.1"
        }
      },
      "NBXplorer.Client": {
        "type": "Transitive",
        "resolved": "5.0.8",
        "contentHash": "WMRMy2gVpAoFOGVpFqYHcUbnMd3CfES7nEGEX10nNSjNtEULvuuZZKqqE/l86OuOZpqUUi05H46Cq++EjV92iA==",
        "dependencies": {
          "Microsoft.AspNetCore.Mvc.NewtonsoftJson": "10.0.10",
          "NBitcoin": "10.0.8",
          "NBitcoin.Altcoins": "6.0.4"
        }
      },
      "NETStandard.Library": {
        "type": "Transitive",
        "resolved": "1.6.1",
        "contentHash": "WcSp3+vP+yHNgS8EV5J7pZ9IRpeDuARBPN28by8zqff1wJQXm26PVU8L3/fYLBJVU7BtDyqNVWq2KlCVvSSR4A==",
        "dependencies": {
          "Microsoft.NETCore.Platforms": "1.1.0"
        }
      },
      "Newtonsoft.Json": {
        "type": "Transitive",
        "resolved": "13.0.4",
        "contentHash": "pdgNNMai3zv51W5aq268sujXUyx7SNdE2bj1wZcWjAQrKMFZV260lbqYop1d2GM67JI1huLRwxo9ZqnfF/lC6A=="
      },
      "Newtonsoft.Json.Bson": {
        "type": "Transitive",
        "resolved": "1.0.2",
        "contentHash": "QYFyxhaABwmq3p/21VrZNYvCg3DaEoN/wUuw5nmfAf0X3HLjgupwhkEWdgfb9nvGAUIv3osmZoD3kKl4jxEmYQ==",
        "dependencies": {
          "Newtonsoft.Json": "12.0.1"
        }
      },
      "NicolasDorier.CommandLine": {
        "type": "Transitive",
        "resolved": "2.0.0",
        "contentHash": "6gomT52lcmr851skTYf+pZHPCGDlPI3MiAQUZHPeqtkeyzY3DKv8kOsbRc0BWR13gO/1QPPRd0Qq7hT9V0hzKw=="
      },
      "NicolasDorier.CommandLine.Configuration": {
        "type": "Transitive",
        "resolved": "2.0.0",
        "contentHash": "EravxSGO5WCDOsRXD4K0RCGEblV5mfgCHDF/W7jOzsV0w5Q0vBQN/UPcnKrhTl4Ri40+vu73BpztE4SAvDhWhg==",
        "dependencies": {
          "Microsoft.Extensions.Configuration": "6.0.0",
          "NicolasDorier.CommandLine": "2.0.0"
        }
      },
      "NicolasDorier.RateLimits": {
        "type": "Transitive",
        "resolved": "1.2.3",
        "contentHash": "5eVCSdyNEpgd2sRH6++RRHsX5mzV1eQSEIXvUzV3YqlNPppsgYDhsO8oy7TFekzbZwwQjfAl4G1uvX3TdHeOKQ=="
      },
      "NicolasDorier.StandardConfiguration": {
        "type": "Transitive",
        "resolved": "2.0.1",
        "contentHash": "G9RRKKhtzNiw6T/xlEPv/u7iNHNSIL5a+qCKejSPPSfEf1V2ljRu9UWs/+L12YFdIfiQb/go2EFVGBo6qW3OLg==",
        "dependencies": {
          "Microsoft.Extensions.Configuration.EnvironmentVariables": "6.0.0",
          "Microsoft.Extensions.Configuration.Ini": "6.0.0",
          "Microsoft.Extensions.Logging.Abstractions": "6.0.0",
          "NicolasDorier.CommandLine.Configuration": "2.0.0"
        }
      },
      "NLog": {
        "type": "Transitive",
        "resolved": "6.0.3",
        "contentHash": "5RMrpvadysflvDOi5ozD7aK1P+YL2DyZbQSxzE8qBKkw2pxPNOQA6vJtumcT6SuzE9qxhwGkQwMkLLaKnALwiw=="
      },
      "Npgsql": {
        "type": "Transitive",
        "resolved": "10.0.3",
        "contentHash": "7nb5YzXuvWWJxB0J8DiyL3we+X4FOctZrt0fIBnucOIaIevFEEwGQVZKtiu9olXdlNAK1eNgqSral6r/jlhI4w==",
        "dependencies": {
          "Microsoft.Extensions.Logging.Abstractions": "10.0.0"
        }
      },
      "Npgsql.EntityFrameworkCore.PostgreSQL": {
        "type": "Transitive",
        "resolved": "10.0.3",
        "contentHash": "IPGrrZnRkuW7OlHDhUESZz4G5DLkW7Nej/O3Cx+0iTsgyU5XJxBgpsvTHLloo3WWuAKKbDHXBvWPVkX1deRh1Q==",
        "dependencies": {
          "Microsoft.EntityFrameworkCore": "[10.0.4, 11.0.0)",
          "Microsoft.EntityFrameworkCore.Relational": "[10.0.4, 11.0.0)",
          "Npgsql": "10.0.3"
        }
      },
      "NSec.Cryptography": {
        "type": "Transitive",
        "resolved": "25.4.0",
        "contentHash": "Z3wPpG0xefMLmhn9T+Ka/EzAmMQPT0THL/5E4lf9cXI/N9rbGH0G23ZFpRcPnD0ast2k7ieG6QSVNIjmfPCXBQ==",
        "dependencies": {
          "libsodium": "[1.0.20.1, 1.0.21)"
        }
      },
      "QRCoder": {
        "type": "Transitive",
        "resolved": "1.7.0",
        "contentHash": "6R3hQkayihGIDjp3F1nLRDBWG+nqahGyOY2+fH4Rll16Vad67oaUUfHkOiMWKiJFnGh+PIGDfUos+0R9m54O1g==",
        "dependencies": {
          "System.Drawing.Common": "6.0.0"
        }
      },
      "Serilog": {
        "type": "Transitive",
        "resolved": "4.3.0",
        "contentHash": "+cDryFR0GRhsGOnZSKwaDzRRl4MupvJ42FhCE4zhQRVanX0Jpg6WuCBk59OVhVDPmab1bB+nRykAnykYELA9qQ=="
      },
      "Serilog.AspNetCore": {
        "type": "Transitive",
        "resolved": "10.0.0",
        "contentHash": "a/cNa1mY4On1oJlfGG1wAvxjp5g7OEzk/Jf/nm7NF9cWoE7KlZw1GldrifUBWm9oKibHkR7Lg/l5jy3y7ACR8w==",
        "dependencies": {
          "Serilog": "4.3.0",
          "Serilog.Extensions.Hosting": "10.0.0",
          "Serilog.Formatting.Compact": "3.0.0",
          "Serilog.Settings.Configuration": "10.0.0",
          "Serilog.Sinks.Console": "6.1.1",
          "Serilog.Sinks.Debug": "3.0.0",
          "Serilog.Sinks.File": "7.0.0"
        }
      },
      "Serilog.Extensions.Hosting": {
        "type": "Transitive",
        "resolved": "10.0.0",
        "contentHash": "E7juuIc+gzoGxgzFooFgAV8g9BfiSXNKsUok9NmEpyAXg2odkcPsMa/Yo4axkJRlh0se7mkYQ1GXDaBemR+b6w==",
        "dependencies": {
          "Microsoft.Extensions.DependencyInjection.Abstractions": "10.0.0",
          "Microsoft.Extensions.Hosting.Abstractions": "10.0.0",
          "Microsoft.Extensions.Logging.Abstractions": "10.0.0",
          "Serilog": "4.3.0",
          "Serilog.Extensions.Logging": "10.0.0"
        }
      },
      "Serilog.Extensions.Logging": {
        "type": "Transitive",
        "resolved": "10.0.0",
        "contentHash": "vx0kABKl2dWbBhhqAfTOk53/i8aV/5VaT3a6il9gn72Wqs2pM7EK2OB6No6xdqK2IaY6Zf9gdjLuK9BVa2rT+Q==",
        "dependencies": {
          "Microsoft.Extensions.Logging": "10.0.0",
          "Serilog": "4.2.0"
        }
      },
      "Serilog.Formatting.Compact": {
        "type": "Transitive",
        "resolved": "3.0.0",
        "contentHash": "wQsv14w9cqlfB5FX2MZpNsTawckN4a8dryuNGbebB/3Nh1pXnROHZov3swtu3Nj5oNG7Ba+xdu7Et/ulAUPanQ==",
        "dependencies": {
          "Serilog": "4.0.0"
        }
      },
      "Serilog.Settings.Configuration": {
        "type": "Transitive",
        "resolved": "10.0.0",
        "contentHash": "LNq+ibS1sbhTqPV1FIE69/9AJJbfaOhnaqkzcjFy95o+4U+STsta9mi97f1smgXsWYKICDeGUf8xUGzd/52/uA==",
        "dependencies": {
          "Microsoft.Extensions.Configuration.Binder": "10.0.0",
          "Microsoft.Extensions.DependencyModel": "10.0.0",
          "Serilog": "4.3.0"
        }
      },
      "Serilog.Sinks.Console": {
        "type": "Transitive",
        "resolved": "6.1.1",
        "contentHash": "8jbqgjUyZlfCuSTaJk6lOca465OndqOz3KZP6Cryt/IqZYybyBu7GP0fE/AXBzrrQB3EBmQntBFAvMVz1COvAA==",
        "dependencies": {
          "Serilog": "4.0.0"
        }
      },
      "Serilog.Sinks.Debug": {
        "type": "Transitive",
        "resolved": "3.0.0",
        "contentHash": "4BzXcdrgRX7wde9PmHuYd9U6YqycCC28hhpKonK7hx0wb19eiuRj16fPcPSVp0o/Y1ipJuNLYQ00R3q2Zs8FDA==",
        "dependencies": {
          "Serilog": "4.0.0"
        }
      },
      "Serilog.Sinks.File": {
        "type": "Transitive",
        "resolved": "7.0.0",
        "contentHash": "fKL7mXv7qaiNBUC71ssvn/dU0k9t0o45+qm2XgKAlSt19xF+ijjxyA3R6HmCgfKEKwfcfkwWjayuQtRueZFkYw==",
        "dependencies": {
          "Serilog": "4.2.0"
        }
      },
      "SocketIO.Core": {
        "type": "Transitive",
        "resolved": "3.1.2",
        "contentHash": "tb6vZ7DYhZooRGLHTPK7/Gifbu+kHbkQRbsee0LAnI28pWc5+Br+juh4pvid3kfIrGTl5dzAfy5huLELVU4svA=="
      },
      "SocketIO.Serializer.Core": {
        "type": "Transitive",
        "resolved": "3.1.2",
        "contentHash": "/cJtU3JVzjqP/Jh3BpMMR0aNzYua6s9e3+hjZ6OnYprFHrGYyg/n9OcST1dBjmOvvgyJ3GwJlyq0NjnPETAHsA==",
        "dependencies": {
          "SocketIO.Core": "3.1.2"
        }
      },
      "SocketIO.Serializer.SystemTextJson": {
        "type": "Transitive",
        "resolved": "3.1.2",
        "contentHash": "AA8w3Y4JldC3FaL1D4WuyG4zLPdrzjf8AQx1LCKtzlMlTLOcbEW0UGt+BhKxkUnxYAD5O5fsqRrTNCGXu6VeWA==",
        "dependencies": {
          "SocketIO.Core": "3.1.2",
          "SocketIO.Serializer.Core": "3.1.2"
        }
      },
      "SocketIOClient": {
        "type": "Transitive",
        "resolved": "3.1.2",
        "contentHash": "CMmnmhvG1Qf8k6BPh3RLqc/9MNvGUlCOyptjoP8a62bowPQkHTWvN25yy+gQqx5Ry/NgzkQHBJNpmRJhZNZrVQ==",
        "dependencies": {
          "SocketIO.Serializer.Core": "3.1.2",
          "SocketIO.Serializer.SystemTextJson": "3.1.2"
        }
      },
      "System.Configuration.ConfigurationManager": {
        "type": "Transitive",
        "resolved": "9.0.8",
        "contentHash": "BR70HYY5jeOa/jBrd/wyydpuqhFyla2ybQRL/UPBIiSvctVqi18iQoM44Gx41jy7t6wuAdKuTnie6io4j8aq3w==",
        "dependencies": {
          "System.Diagnostics.EventLog": "9.0.8",
          "System.Security.Cryptography.ProtectedData": "9.0.8"
        }
      },
      "System.Diagnostics.EventLog": {
        "type": "Transitive",
        "resolved": "9.0.8",
        "contentHash": "gebRF3JLLJ76jz1CQpvwezNapZUjFq20JQsaGHzBH0DzlkHBLpdhwkOei9usiOkIGMwU/L0ALWpNe1JE+5/itw=="
      },
      "System.Drawing.Common": {
        "type": "Transitive",
        "resolved": "6.0.0",
        "contentHash": "NfuoKUiP2nUWwKZN6twGqXioIe1zVD0RIj2t976A+czLHr2nY454RwwXs6JU9Htc6mwqL6Dn/nEL3dpVf2jOhg==",
        "dependencies": {
          "Microsoft.Win32.SystemEvents": "6.0.0"
        }
      },
      "System.Formats.Cbor": {
        "type": "Transitive",
        "resolved": "9.0.0",
        "contentHash": "v8LmGrvD0thxFBn5/SaMc5Y0AecfOeoKlAcek1X0fIta8Eb0+fZA3kGelUNE9HhOAe1J1h/tDKjKxh88DWBMjA=="
      },
      "System.IdentityModel.Tokens.Jwt": {
        "type": "Transitive",
        "resolved": "8.13.1",
        "contentHash": "tpYLV4ghuPPFtA/by/WzbeCv/kJqbbKrHde6ENiu6Op1nqVoCxV9C5Q0smlQnlnqZE35+oPYKIfz1qyWjusT7A==",
        "dependencies": {
          "Microsoft.IdentityModel.JsonWebTokens": "8.13.1",
          "Microsoft.IdentityModel.Tokens": "8.13.1"
        }
      },
      "System.IO.Hashing": {
        "type": "Transitive",
        "resolved": "6.0.0",
        "contentHash": "Rfm2jYCaUeGysFEZjDe7j1R4x6Z6BzumS/vUT5a1AA/AWJuGX71PoGB0RmpyX3VmrGqVnAwtfMn39OHR8Y/5+g=="
      },
      "System.Memory.Data": {
        "type": "Transitive",
        "resolved": "1.0.2",
        "contentHash": "JGkzeqgBsiZwKJZ1IxPNsDFZDhUvuEdX8L8BDC8N3KOj+6zMcNU28CNN59TpZE/VJYy9cP+5M+sbxtWJx3/xtw=="
      },
      "System.Security.Cryptography.Pkcs": {
        "type": "Transitive",
        "resolved": "10.0.0",
        "contentHash": "UPWqLSygJlFerRi9XNIuM0a1VC8gHUIufyP24xQ0sc+XimqUAEcjpOz9DhKpyDjH+5B/wO3RpC0KpkEeDj/ddg=="
      },
      "System.Security.Cryptography.ProtectedData": {
        "type": "Transitive",
        "resolved": "9.0.8",
        "contentHash": "w7+KCnqmtDboV8dxTLxlUltasP7AgzNFdTLq1D/ey50ykgXW+CJBIQkzYZjgPzmjKB+/PGGUKYrH7TSbwrDtRw=="
      },
      "TwentyTwenty.Storage": {
        "type": "Transitive",
        "resolved": "2.26.1",
        "contentHash": "m9NvLJYWbY21odZD2qLW8LeQhDK2cCitnPRZhITnvF4NQvFuJU+j/BBB/q4CSsD267Ucj2MR/fWzAfLYCvvHWA=="
      },
      "TwentyTwenty.Storage.Amazon": {
        "type": "Transitive",
        "resolved": "2.26.1",
        "contentHash": "x5EJBCzP/fKqBso52Ktnvk3Mci9bDl2vEvTbJUVqUVYkMI4sBsaJj8qSR0htVvWUtN97xg8tFFFYGEnhbm0YeA==",
        "dependencies": {
          "AWSSDK.S3": "3.7.307.15",
          "TwentyTwenty.Storage": "2.26.1"
        }
      },
      "TwentyTwenty.Storage.Azure": {
        "type": "Transitive",
        "resolved": "2.26.1",
        "contentHash": "YVm090GppKCN6iK9flb+XuUVlJtsD/iIk7odesrHQE7zZ4RltcrISENtiS4AKeP1pBcFPX44Y4wbNhZTMvZJQw==",
        "dependencies": {
          "Azure.Storage.Blobs": "12.19.1",
          "TwentyTwenty.Storage": "2.26.1"
        }
      },
      "TwentyTwenty.Storage.Google": {
        "type": "Transitive",
        "resolved": "2.26.1",
        "contentHash": "bCrzGQhEbF7ysDmjB9XDzpZniW5Z0LMVnpASMKM5GZxlt+Q7gez19CcUqZ4ITQNMWsNHis4/2RjMMdTQ3BcoAw==",
        "dependencies": {
          "Google.Cloud.Storage.V1": "3.7.0",
          "TwentyTwenty.Storage": "2.26.1"
        }
      },
      "TwentyTwenty.Storage.Local": {
        "type": "Transitive",
        "resolved": "2.26.1",
        "contentHash": "6RS71TDr1vRP7BN0h/skkJzH0wbJ1GFRKm+jcHyjDaWT21f/sVhcel+JE3FVRP6uESsbt268X9XE890/JAHqmg==",
        "dependencies": {
          "TwentyTwenty.Storage": "2.26.1"
        }
      },
      "YamlDotNet": {
        "type": "Transitive",
        "resolved": "16.3.0",
        "contentHash": "SgMOdxbz8X65z8hraIs6hOEdnkH6hESTAIUa7viEngHOYaH+6q5XJmwr1+yb9vJpNQ19hCQY69xbFsLtXpobQA=="
      },
      "btcpayserver": {
        "type": "Project",
        "dependencies": {
          "BIP78.Sender": "[0.2.5, )",
          "BTCPayServer.Abstractions": "[2.4.2, )",
          "BTCPayServer.Client": "[2.0.2, )",
          "BTCPayServer.Common": "[2.4.2, )",
          "BTCPayServer.Data": "[2.4.2, )",
          "BTCPayServer.Hwi": "[2.0.6, )",
          "BTCPayServer.Lightning.All": "[1.7.6, )",
          "BTCPayServer.NTag424": "[1.0.25, )",
          "BTCPayServer.Rating": "[2.4.2, )",
          "CsvHelper": "[33.1.0, )",
          "Fido2": "[4.0.1, )",
          "Fido2.AspNet": "[4.0.1, )",
          "LNURL": "[0.0.36, )",
          "MailKit": "[4.17.0, )",
          "Microsoft.AspNetCore.Mvc.NewtonsoftJson": "[10.0.10, )",
          "Microsoft.AspNetCore.SignalR.Protocols.NewtonsoftJson": "[10.0.10, )",
          "NBitcoin": "[10.0.8, )",
          "NBitpayClient": "[1.0.0.39, )",
          "Newtonsoft.Json": "[13.0.4, )",
          "NicolasDorier.CommandLine": "[2.0.0, )",
          "NicolasDorier.CommandLine.Configuration": "[2.0.0, )",
          "NicolasDorier.RateLimits": "[1.2.3, )",
          "QRCoder": "[1.7.0, )",
          "SSH.NET": "[2025.1.0, )",
          "Serilog": "[4.3.0, )",
          "Serilog.AspNetCore": "[10.0.0, )",
          "Serilog.Sinks.File": "[7.0.0, )",
          "TwentyTwenty.Storage": "[2.26.1, )",
          "TwentyTwenty.Storage.Amazon": "[2.26.1, )",
          "TwentyTwenty.Storage.Azure": "[2.26.1, )",
          "TwentyTwenty.Storage.Google": "[2.26.1, )",
          "TwentyTwenty.Storage.Local": "[2.26.1, )",
          "YamlDotNet": "[16.3.0, )"
        }
      },
      "btcpayserver.abstractions": {
        "type": "Project",
        "dependencies": {
          "BTCPayServer.Client": "[2.0.2, )",
          "HtmlSanitizer": "[9.1.982, )",
          "Microsoft.AspNetCore.SignalR.Protocols.NewtonsoftJson": "[10.0.10, )",
          "Microsoft.EntityFrameworkCore": "[10.0.10, )",
          "Npgsql.EntityFrameworkCore.PostgreSQL": "[10.0.3, )"
        }
      },
      "btcpayserver.client": {
        "type": "Project",
        "dependencies": {
          "BTCPayServer.Lightning.Common": "[1.7.1, )",
          "NBitcoin": "[10.0.8, )",
          "Newtonsoft.Json": "[13.0.4, )"
        }
      },
      "btcpayserver.common": {
        "type": "Project",
        "dependencies": {
          "NBXplorer.Client": "[5.0.8, )",
          "NicolasDorier.StandardConfiguration": "[2.0.1, )"
        }
      },
      "btcpayserver.data": {
        "type": "Project",
        "dependencies": {
          "BTCPayServer.Abstractions": "[2.4.2, )",
          "BTCPayServer.Client": "[2.0.2, )",
          "Dapper": "[2.1.79, )",
          "Microsoft.AspNetCore.Identity.EntityFrameworkCore": "[10.0.10, )",
          "Microsoft.EntityFrameworkCore": "[10.0.10, )",
          "NBitcoin.Altcoins": "[6.0.4, )"
        }
      },
      "btcpayserver.rating": {
        "type": "Project",
        "dependencies": {
          "DigitalRuby.ExchangeSharp": "[1.2.1, )",
          "Microsoft.AspNet.WebApi.Client": "[6.0.0, )",
          "Microsoft.CodeAnalysis.CSharp": "[5.6.0, )",
          "NBitcoin": "[10.0.8, )",
          "Newtonsoft.Json": "[13.0.4, )"
        }
      }
    }
  }
}