{
  "version": 1,
  "dependencies": {
    "net10.0": {
      "Breez.Sdk.Spark": {
        "type": "Direct",
        "requested": "[0.26.0, 0.26.0]",
        "resolved": "0.26.0",
        "contentHash": "uq45j6gHCXuTROT3npe/OXHwQIpmCWUzL37gGDu2AgHh5v3h6/xFOaNSdV8D266A0HGhHM6gjG7nafsEX62xMQ=="
      },
      "SSH.NET": {
        "type": "Direct",
        "requested": "[2026.0.0, )",
        "resolved": "2026.0.0",
        "contentHash": "Yu9dirPq8l3oaat0+OQ7K0nUf5MmYltpia5UGqsApTG4zTPvBC1cxbNnC3NERij26dUST0A3Ef1QdHSn5ArbWQ==",
        "dependencies": {
          "BouncyCastle.Cryptography": "2.7.0",
          "Microsoft.Extensions.Logging.Abstractions": "8.0.3"
        }
      },
      "AngleSharp": {
        "type": "Transitive",
        "resolved": "1.7.2",
        "contentHash": "r1rb5Qo/0KPzmP0nbSiXPDVfh4Ctu0B+y1RyyUq73g4sgAmEW7q10RDyTq2ZsILwtO9O2LAvMrUles7eD4zz1g=="
      },
      "AngleSharp.Css": {
        "type": "Transitive",
        "resolved": "1.0.2",
        "contentHash": "XeBxh0h/73+MWFsGfeMwiK7xbzAK3YeHFdUIrMH1P90amIrDFD/vUDIrPlF3CixqaMH5MRIUvT6Ux+2zvhJ3SA==",
        "dependencies": {
          "AngleSharp": "[1.5.0, 2.0.0)"
        }
      },
      "AWSSDK.Core": {
        "type": "Transitive",
        "resolved": "4.0.3.16",
        "contentHash": "YXD+PjFUIlbSHe1/CtDPhRr4hfdapHLE543sXCrqmvI8fi1HxgX6c1au5pgqboP7M5xIk7us142R4dufnyJCeg=="
      },
      "AWSSDK.S3": {
        "type": "Transitive",
        "resolved": "4.0.18.8",
        "contentHash": "ao2Qqx8C8usx1biz4+aO60tRqcto70jVFBii6+vR2C92TEqP+fGWAqbTiFhJ9pGUpQxSAX5VCWue/NcfG3dOQw==",
        "dependencies": {
          "AWSSDK.Core": "[4.0.3.16, 5.0.0)"
        }
      },
      "Azure.Core": {
        "type": "Transitive",
        "resolved": "1.50.0",
        "contentHash": "GBNKZEhdIbTXxedvD3R7I/yDVFX9jJJEz02kCziFSJxspSQ5RMHc3GktulJ1s7+ffXaXD7kMgrtdQTaggyInLw==",
        "dependencies": {
          "Microsoft.Bcl.AsyncInterfaces": "8.0.0",
          "System.ClientModel": "1.8.0",
          "System.Memory.Data": "8.0.1"
        }
      },
      "Azure.Storage.Blobs": {
        "type": "Transitive",
        "resolved": "12.27.0",
        "contentHash": "zI5rg1tTtnA8T2g2/21l+1iIUdDjpEQQ0FI1BabJVEQJ1JUyTQKrc41eNabAHs0SBHprl6pu/6OqIMK9Ve+4tQ==",
        "dependencies": {
          "Azure.Core": "1.50.0",
          "Azure.Storage.Common": "12.26.0"
        }
      },
      "Azure.Storage.Common": {
        "type": "Transitive",
        "resolved": "12.26.0",
        "contentHash": "XaT6CDcSshZb7KaCTwc6m4EouZbLBg7ciOEpsJSdJCvkNsZJQCvPKw7V5TtXno19AA1NpwtsZriYque8mzbQVg==",
        "dependencies": {
          "Azure.Core": "1.50.0",
          "System.IO.Hashing": "10.0.1"
        }
      },
      "BIP78.Sender": {
        "type": "Transitive",
        "resolved": "0.2.5",
        "contentHash": "23AHv0YsJXkFG8KMa+qSSUaFq2iuik8sDpu+/NG742JsopoHFHb7hfuL1wAr0SPn85P60CPxKnXB4UlKL11RAA==",
        "dependencies": {
          "NBitcoin": "9.0.0"
        }
      },
      "BouncyCastle.Cryptography": {
        "type": "Transitive",
        "resolved": "2.7.0",
        "contentHash": "U+12df8UEWHgBi04YVf/Lgi2dy3SItlIYvHjjEVa/BngCQIzDCDRBk50DDByCfDvSbe5pRNFr3b7UrVK2kMcLw=="
      },
      "BTCPayServer.Hwi": {
        "type": "Transitive",
        "resolved": "2.0.6",
        "contentHash": "c3/++nmhG2Tcvn28vp46VMjXp9vIN2oEdESOZEXZToCtl9pTiTQCHdazOyaB822WA3tTW87eusy0+q9L6e01Ag==",
        "dependencies": {
          "NBitcoin": "8.0.8"
        }
      },
      "BTCPayServer.Lightning.All": {
        "type": "Transitive",
        "resolved": "1.7.12",
        "contentHash": "DF3zwy9+TpoLNFuRVV49q6yrd0YQNeU3Owc6W/HZm8EQUn489U46MDGNBsfan/i8hv6aOwPu17fNmFrwelSkFA==",
        "dependencies": {
          "BTCPayServer.Lightning.CLightning": "1.7.9",
          "BTCPayServer.Lightning.Eclair": "1.7.4",
          "BTCPayServer.Lightning.LND": "1.7.5",
          "BTCPayServer.Lightning.LNDhub": "1.7.5",
          "BTCPayServer.Lightning.Phoenixd": "1.7.5"
        }
      },
      "BTCPayServer.Lightning.CLightning": {
        "type": "Transitive",
        "resolved": "1.7.9",
        "contentHash": "bKpEDthkDZ1XZWywXFg82IYEPBD10YAECWh7FV4zUHOvRw25G9ycHhTdvnsvy+kt5Z18+D7pkuxW+n8FV1jr/g==",
        "dependencies": {
          "BTCPayServer.Lightning.Common": "1.7.4"
        }
      },
      "BTCPayServer.Lightning.Common": {
        "type": "Transitive",
        "resolved": "1.7.4",
        "contentHash": "+KcocRe9kyL0H9iK5aOwOR3pEWqnihz74tbJmlj2nM2sTAsIH3Gl2Dhsbym4l1ScN0hqUXk2kXRgfFcSPzm6EQ==",
        "dependencies": {
          "NBitcoin": "10.0.11",
          "Newtonsoft.Json": "13.0.4"
        }
      },
      "BTCPayServer.Lightning.Eclair": {
        "type": "Transitive",
        "resolved": "1.7.4",
        "contentHash": "g8l/3yJY1B2EM3kAktNDgYmRxM4dxOMJk61qvI3HOovMes0Y648UTyECu1xgS/W2o3V868dYVoS8d9Mo0XPcgQ==",
        "dependencies": {
          "BTCPayServer.Lightning.Common": "1.7.4"
        }
      },
      "BTCPayServer.Lightning.LND": {
        "type": "Transitive",
        "resolved": "1.7.5",
        "contentHash": "pinp3HSSLD6ltUW7Cb2YA9w8hRoX/mdbwQOzKtyPojmpVfTOkJQutExHxsdS6wGPd+p3E9u3Ukvo7qgHTQKq+w==",
        "dependencies": {
          "BTCPayServer.Lightning.Common": "1.7.4"
        }
      },
      "BTCPayServer.Lightning.LNDhub": {
        "type": "Transitive",
        "resolved": "1.7.5",
        "contentHash": "xb2zrnQWcxY0DJkjXw303COAFrGj/PgXpAbkNC93nhQapvxhC6GbVVSFlw3lWlzMy0W6PBnMNwMTT9RnbbjA+w==",
        "dependencies": {
          "BTCPayServer.Lightning.Common": "1.7.4"
        }
      },
      "BTCPayServer.Lightning.Phoenixd": {
        "type": "Transitive",
        "resolved": "1.7.5",
        "contentHash": "RAmvngPW6mYhZOn3mJDhNnWgJb2bArovkswRJXwlvrnqgVTKBtdfIaSwnoHTAl3wEz50zOjEFYhQPi8UFRg3Ag==",
        "dependencies": {
          "BTCPayServer.Lightning.Common": "1.7.4"
        }
      },
      "BTCPayServer.NTag424": {
        "type": "Transitive",
        "resolved": "1.0.25",
        "contentHash": "VDjJ81QW8dpruWACHD2vxRFpqdH/t+QyVKy88gPWPSPsXdcXTUgKzW9rz8dDem4J2mz6XLPF1SGx11YJz2Spuw=="
      },
      "CsvHelper": {
        "type": "Transitive",
        "resolved": "33.1.0",
        "contentHash": "kqfTOZGrn7NarNeXgjh86JcpTHUoeQDMB8t9NVa/ZtlSYiV1rxfRnQ49WaJsob4AiGrbK0XDzpyKkBwai4F8eg=="
      },
      "Dapper": {
        "type": "Transitive",
        "resolved": "2.1.89",
        "contentHash": "1VjFE664wnxvuhlgP8kS4PeFFF4jqD3VkbIHW6Zlc52zuibgcz5ICnIHcQXlTp6pURpPNGLV0ZpNe5x9KePJnA=="
      },
      "DigitalRuby.ExchangeSharp": {
        "type": "Transitive",
        "resolved": "1.2.1",
        "contentHash": "ML8pr6XsUYWULVEQoDqhfLEEwY68404avN/NmmLejbWwyasTEjkMahM41hLa+cC9p2pk4Sb5DqRqJnyxD4TC+A==",
        "dependencies": {
          "BouncyCastle.Cryptography": "2.6.2",
          "Microsoft.AspNet.SignalR.Client": "2.4.3",
          "NLog": "6.0.3",
          "Newtonsoft.Json": "13.0.3",
          "SocketIOClient": "3.1.2",
          "System.Configuration.ConfigurationManager": "9.0.8",
          "System.IdentityModel.Tokens.Jwt": "8.13.1"
        }
      },
      "Fido2": {
        "type": "Transitive",
        "resolved": "4.2.0",
        "contentHash": "Y9KI+uX3bkKpaylZVAwSrbJQ0B6XdlJbtkF+FDxfCCjNRy5cSG6R+qvvM8CU4Etb7GpMKPc0SYjcM+VTW9Ip1A==",
        "dependencies": {
          "Fido2.Models": "4.2.0",
          "Microsoft.Extensions.Http": "9.0.0",
          "Microsoft.IdentityModel.JsonWebTokens": "8.2.0",
          "NSec.Cryptography": "25.4.0",
          "System.Formats.Cbor": "9.0.0"
        }
      },
      "Fido2.AspNet": {
        "type": "Transitive",
        "resolved": "4.2.0",
        "contentHash": "OpGozUJSGq00Qi2AcHEAfjPw+M7WOGZWKSJ5PBuLH+NhqunzEIPjxeN7TxZLvV+FGTS1nsUctwx5Vqz3GcNlXA==",
        "dependencies": {
          "Fido2": "4.2.0",
          "Fido2.Models": "4.2.0"
        }
      },
      "Fido2.Models": {
        "type": "Transitive",
        "resolved": "4.2.0",
        "contentHash": "+ui/e57bpCBCSEfl47UGL3fWrm3kzSWNIFfWNSgiFrnd+SGU3A/RQjzq3Ar1F98rWUzu3ITeyWSZoxL9RZ57Fg==",
        "dependencies": {
          "Microsoft.Bcl.Memory": "9.0.14"
        }
      },
      "Google.Api.Gax": {
        "type": "Transitive",
        "resolved": "4.12.1",
        "contentHash": "G62dRNOv5DolfRviT6CCrL2a5nZ/CWWdRzhADkGnpCkYSOc3QnH5xxRvZiOKuHU8weJ/pAqAqrj7+T9IWdlu2Q==",
        "dependencies": {
          "Microsoft.Bcl.AsyncInterfaces": "6.0.0",
          "Newtonsoft.Json": "13.0.4"
        }
      },
      "Google.Api.Gax.Rest": {
        "type": "Transitive",
        "resolved": "4.12.1",
        "contentHash": "djYb7sDJvUiOG66fpDIOsprrZz4RPbiAtMiKtRguQhrzlHasd+3k/u6BQFFY3S0KCdxJzvv8M8hi81Ocdi6Ijw==",
        "dependencies": {
          "Google.Api.Gax": "4.12.1",
          "Google.Apis.Auth": "1.72.0",
          "Microsoft.Extensions.DependencyInjection.Abstractions": "6.0.0"
        }
      },
      "Google.Apis": {
        "type": "Transitive",
        "resolved": "1.72.0",
        "contentHash": "QbSJ08W7QuqsfzDPOZDHl1aFzCYwMcfBoHqQRh7koglwDN5WacShCKYMpU/zR1Pf3h3sH6JTGEeM/txAxaJuEg==",
        "dependencies": {
          "Google.Apis.Core": "1.72.0"
        }
      },
      "Google.Apis.Auth": {
        "type": "Transitive",
        "resolved": "1.72.0",
        "contentHash": "RBoFwFKBHKUjuyJf2weEnqICQLaY0TdIrdFv2yC8bsiR2VFYxizOn3C/qN1FWCCb0Uh9GhW+zwAV1yUxPjiocw==",
        "dependencies": {
          "Google.Apis": "1.72.0",
          "Google.Apis.Core": "1.72.0",
          "System.Management": "7.0.2"
        }
      },
      "Google.Apis.Core": {
        "type": "Transitive",
        "resolved": "1.72.0",
        "contentHash": "ZmYX1PU0vTKFT42c7gp4zaYcb/0TFAXrt9qw8yEz0wjvaug85+/WddlPTfT525Qei8iIUsF6t4bHYrsb2O7crg==",
        "dependencies": {
          "Newtonsoft.Json": "13.0.4"
        }
      },
      "Google.Apis.Storage.v1": {
        "type": "Transitive",
        "resolved": "1.71.0.3920",
        "contentHash": "jW4i96fvFjtkPOdOo3bfC2Wity0krx3RTCExTksIx9lS/k7HmbF/zfxE1z3VouhrQvwwdEOkrR4TxdxzomJKxQ==",
        "dependencies": {
          "Google.Apis": "1.71.0",
          "Google.Apis.Auth": "1.71.0"
        }
      },
      "Google.Cloud.Storage.V1": {
        "type": "Transitive",
        "resolved": "4.14.0",
        "contentHash": "CLoAz9BDzqGEXWKWPuUxlk8/wcabsONxCa3MEQzxhbEGoKT1TOT6KnWNl1IhrBGqNw7IWtR/Xg06XHS8JYF1qQ==",
        "dependencies": {
          "Google.Api.Gax.Rest": "[4.12.1, 5.0.0)",
          "Google.Apis.Storage.v1": "[1.71.0.3920, 2.0.0)"
        }
      },
      "HtmlSanitizer": {
        "type": "Transitive",
        "resolved": "9.2.1039",
        "contentHash": "PKxy1hYknAij8YlHCC2a9GSqzUd4bh3IvY+abJBvOH1FKcZpbyafEHtdFcXQBt12Y7hNPkNEOP6Qa7uKNSs/yA==",
        "dependencies": {
          "AngleSharp": "1.7.2",
          "AngleSharp.Css": "1.0.2"
        }
      },
      "libsodium": {
        "type": "Transitive",
        "resolved": "1.0.20.1",
        "contentHash": "pkiceEqJDQFHjbga3k/oPfTVX9g+GKJZ1VrkuiLhaymt9YNw1Dr7cX9hNuZuNaWcr9WD0moW55k4pMwzQ7JaZQ=="
      },
      "LNURL": {
        "type": "Transitive",
        "resolved": "0.0.36",
        "contentHash": "OOqdRaL1aIZ/UsP/73faxRd0G7iIQotcwb/zUsiGscfKEB7eA2/NMr4BWLBHX2RIGW0O+T75C7ov6K1BN2YN4w==",
        "dependencies": {
          "BTCPayServer.Lightning.Common": "1.5.1",
          "Microsoft.AspNet.WebApi.Client": "5.2.9",
          "Newtonsoft.Json": "13.0.3"
        }
      },
      "MailKit": {
        "type": "Transitive",
        "resolved": "4.18.1",
        "contentHash": "EssBsnKHvIcH1QpqqsVUEWAlAHI3dkGXJpKAzSNJ8PGjClNynSo9bRkT68jVZkxhREm0Z51Dwu3127f4WfIiRg==",
        "dependencies": {
          "MimeKit": "4.18.1"
        }
      },
      "Microsoft.AspNet.SignalR.Client": {
        "type": "Transitive",
        "resolved": "2.4.3",
        "contentHash": "W+sWtcEUG4Z2Ea+tLZs4n8SVjpVU/7MSb6TrfJ9/AVdQ0Yu75vaDWzbIvjk1TvoqdyQldrpsWXRyHtGU/jHtiQ==",
        "dependencies": {
          "Newtonsoft.Json": "11.0.2"
        }
      },
      "Microsoft.AspNet.WebApi.Client": {
        "type": "Transitive",
        "resolved": "6.0.0",
        "contentHash": "zXeWP03dTo67AoDHUzR+/urck0KFssdCKOC+dq7Nv1V2YbFh/nIg09L0/3wSvyRONEdwxGB/ssEGmPNIIhAcAw==",
        "dependencies": {
          "Newtonsoft.Json": "13.0.1",
          "Newtonsoft.Json.Bson": "1.0.2"
        }
      },
      "Microsoft.AspNetCore.Connections.Abstractions": {
        "type": "Transitive",
        "resolved": "10.0.12",
        "contentHash": "pP5CXSG//gboXUGrgRrrfWxEWJQ1DJLbTo5BulmPp+GaiWf/KbjCCujWlkh7rPTBSWAP+5s4KXti3JAF5akdxA==",
        "dependencies": {
          "Microsoft.Extensions.Features": "10.0.12"
        }
      },
      "Microsoft.AspNetCore.Cryptography.Internal": {
        "type": "Transitive",
        "resolved": "10.0.12",
        "contentHash": "6i8dT0QU94k6fPkxDAvOUETum2INkULnO60bHAUQU74S+FAq69IU/78HPsnfSV214nivwJuNuJf9R4cPd9K8Rg=="
      },
      "Microsoft.AspNetCore.Cryptography.KeyDerivation": {
        "type": "Transitive",
        "resolved": "10.0.12",
        "contentHash": "nlzGX5486fMAHH9nIoIQd6bFg1rITB+oks/Sm3E/J+906Gs3fWYcz0OG/7a6inuOuTNOrwpPjt0HFjgQS6L8nA==",
        "dependencies": {
          "Microsoft.AspNetCore.Cryptography.Internal": "10.0.12"
        }
      },
      "Microsoft.AspNetCore.Identity.EntityFrameworkCore": {
        "type": "Transitive",
        "resolved": "10.0.12",
        "contentHash": "7W/9vKC65y41W6JXwC6WSU++D43wY/ANhrm7tJdbm2lrbzNkYClja6uL3Cg69y+PJ1Q4nARb3eWs9PNMWCdYxQ==",
        "dependencies": {
          "Microsoft.EntityFrameworkCore.Relational": "10.0.12",
          "Microsoft.Extensions.Identity.Stores": "10.0.12"
        }
      },
      "Microsoft.AspNetCore.JsonPatch": {
        "type": "Transitive",
        "resolved": "10.0.12",
        "contentHash": "/B94WvMCmIU29+pZ0A1q30Umy06Q+0sAeE1KvK10JpUVnFtMTtImVnMhC7BdygJMHwG0xJNHSZX5ug29WldnxA==",
        "dependencies": {
          "Newtonsoft.Json": "13.0.3"
        }
      },
      "Microsoft.AspNetCore.Mvc.NewtonsoftJson": {
        "type": "Transitive",
        "resolved": "10.0.12",
        "contentHash": "/zn5QXe8pVqeQXvd58w3Z5i5HlmvlmgZvCrlXPgC55ftvTHD8oV0Om6jCAtbJjQ5DPzFp0GXjiRKdh1BTqDw0w==",
        "dependencies": {
          "Microsoft.AspNetCore.JsonPatch": "10.0.12",
          "Newtonsoft.Json": "13.0.3",
          "Newtonsoft.Json.Bson": "1.0.2"
        }
      },
      "Microsoft.AspNetCore.SignalR.Common": {
        "type": "Transitive",
        "resolved": "10.0.12",
        "contentHash": "7DDVLxtjLtBBfle9RxZhiYc0PTSD4rc0SV4FZiT3Tdz6NxlrcnPqcGWME9Mc0PtbQ+X5GSgyPeyjGfA/tSfG8A==",
        "dependencies": {
          "Microsoft.AspNetCore.Connections.Abstractions": "10.0.12",
          "Microsoft.Extensions.Options": "10.0.12"
        }
      },
      "Microsoft.AspNetCore.SignalR.Protocols.NewtonsoftJson": {
        "type": "Transitive",
        "resolved": "10.0.12",
        "contentHash": "1Ith4vhkrwkd/JPza7XJXa/ApGFV3DPNHqdHoxcj7C3b+siL0UEE54TO6QCx5bzpfLe0hW7NbgjN+pSKXEsd5w==",
        "dependencies": {
          "Microsoft.AspNetCore.SignalR.Common": "10.0.12",
          "Newtonsoft.Json": "13.0.3"
        }
      },
      "Microsoft.Bcl.AsyncInterfaces": {
        "type": "Transitive",
        "resolved": "8.0.0",
        "contentHash": "3WA9q9yVqJp222P3x1wYIGDAkpjAku0TMUaaQV22g6L67AI0LdOIrVS7Ht2vJfLHGSPVuqN94vIr15qn+HEkHw=="
      },
      "Microsoft.Bcl.Memory": {
        "type": "Transitive",
        "resolved": "9.0.14",
        "contentHash": "laQCcjTM2FnbyznkAu9hwBuQh3z2/OtJKwjGkJOUevylFpFXZIUVq/+MU2jM0HQm1n5wsjjwtLIDOiWJ6Nai3A=="
      },
      "Microsoft.CodeAnalysis.Analyzers": {
        "type": "Transitive",
        "resolved": "5.9.0-1.26328.17",
        "contentHash": "HP9NNk8ZjOSI2hgOyXnQg+kv7/X837Vr2nAlXiGAtqtYnYKjRRa1UmQFr8KFs5ynGYKqfbb8zB9APoWjiAGdMg=="
      },
      "Microsoft.CodeAnalysis.Common": {
        "type": "Transitive",
        "resolved": "5.9.0",
        "contentHash": "IYaIaUWdIx539AReKZOBEqTskFusZfCh/wFSPilDvCn5Say8MegLw2LONcSIcVy+v3Gzv53qYBspgvBGSErfbQ==",
        "dependencies": {
          "Microsoft.CodeAnalysis.Analyzers": "5.9.0-1.26328.17"
        }
      },
      "Microsoft.CodeAnalysis.CSharp": {
        "type": "Transitive",
        "resolved": "5.9.0",
        "contentHash": "7JGDA0UT1+h7k9ZcA3rF4eFC8+QPq1xyYaXxag4p8r/zzPurEJxvdi7aM+MRL/SfP7XADXpWF/pl/eUYXOq/ww==",
        "dependencies": {
          "Microsoft.CodeAnalysis.Analyzers": "5.9.0-1.26328.17",
          "Microsoft.CodeAnalysis.Common": "[5.9.0]"
        }
      },
      "Microsoft.EntityFrameworkCore": {
        "type": "Transitive",
        "resolved": "10.0.12",
        "contentHash": "e7OrVN8U5yr4kuwdTHWBHGVQIVsGfMkAr0Ej1/BnrS989Q0XBVANpIzNZ2bc1GvMZ0/XwMt5InTnmKskxGy99Q==",
        "dependencies": {
          "Microsoft.EntityFrameworkCore.Abstractions": "10.0.12",
          "Microsoft.EntityFrameworkCore.Analyzers": "10.0.12",
          "Microsoft.Extensions.Caching.Memory": "10.0.12",
          "Microsoft.Extensions.Logging": "10.0.12"
        }
      },
      "Microsoft.EntityFrameworkCore.Abstractions": {
        "type": "Transitive",
        "resolved": "10.0.12",
        "contentHash": "kDrux7T6C3V/YYYe2LXr7x6AEsVyq5Y2YoTE9er1SwbDtap3z1g8RgxNh5eKQVyB4T+DKvBBJ4Ezd/VZzJQJZg=="
      },
      "Microsoft.EntityFrameworkCore.Analyzers": {
        "type": "Transitive",
        "resolved": "10.0.12",
        "contentHash": "Kd4o2oO1A6dfKxjz5LS16QyLtpCFTUiFWwmBABETAXRsSImBdRdWeKjSgbbRhAMiV3a3/nWr95ZtzClT4uaADQ=="
      },
      "Microsoft.EntityFrameworkCore.Relational": {
        "type": "Transitive",
        "resolved": "10.0.12",
        "contentHash": "OiHmr8XzX96dbgMsYGe8qoqg4KxibdZG2r0QUVJBGktFInOp8IrABe8jvcbo5hrqeWfbwpK7fCEBiEPbY/ik4A==",
        "dependencies": {
          "Microsoft.EntityFrameworkCore": "10.0.12",
          "Microsoft.Extensions.Caching.Memory": "10.0.12",
          "Microsoft.Extensions.Configuration.Abstractions": "10.0.12",
          "Microsoft.Extensions.Logging": "10.0.12"
        }
      },
      "Microsoft.Extensions.Caching.Abstractions": {
        "type": "Transitive",
        "resolved": "10.0.12",
        "contentHash": "sI3A6MUAyZwccLnwq0cXuRmC3WBtXieimBWafXSfhRJ4jnM2uGVXrqImDDVyW27u4vVaTOGlJxNJd8d1FGvCNQ==",
        "dependencies": {
          "Microsoft.Extensions.Primitives": "10.0.12"
        }
      },
      "Microsoft.Extensions.Caching.Memory": {
        "type": "Transitive",
        "resolved": "10.0.12",
        "contentHash": "fhC3DHcBcFF4bXvHIxFtXJYNut7q7ZItqNFcgWfrIgmpVImlcEKNHhE7ztpNSPJYMHYYStS5QGND2I5mC26yeA==",
        "dependencies": {
          "Microsoft.Extensions.Caching.Abstractions": "10.0.12",
          "Microsoft.Extensions.DependencyInjection.Abstractions": "10.0.12",
          "Microsoft.Extensions.Logging.Abstractions": "10.0.12",
          "Microsoft.Extensions.Options": "10.0.12",
          "Microsoft.Extensions.Primitives": "10.0.12"
        }
      },
      "Microsoft.Extensions.Configuration": {
        "type": "Transitive",
        "resolved": "10.0.12",
        "contentHash": "e3IPP32CRNL031VZJAUTlCTG0YN7WFh4mN3fsSHTDQCJB+3+f0jGycv4fXk3rrftaY3B85XrQaj7sRthrOsavg==",
        "dependencies": {
          "Microsoft.Extensions.Configuration.Abstractions": "10.0.12",
          "Microsoft.Extensions.Primitives": "10.0.12"
        }
      },
      "Microsoft.Extensions.Configuration.Abstractions": {
        "type": "Transitive",
        "resolved": "10.0.12",
        "contentHash": "8xaGcvS/qZ1otoxPQCEJkNva389CVL/plNcvIETZhQTETYdRkYDPEYhUMoAGONo4FU45ufdfE0j29AfWVVj0wA==",
        "dependencies": {
          "Microsoft.Extensions.Primitives": "10.0.12"
        }
      },
      "Microsoft.Extensions.Configuration.Binder": {
        "type": "Transitive",
        "resolved": "10.0.12",
        "contentHash": "dAgIf1TOr8KLs+aBRIbXUZBjHoSH4rDG8+XkX/Q6AZwkQdMA0+yPDKTHsieeXdZDfpOpZVHzOnuAb5Z2nX3KsA==",
        "dependencies": {
          "Microsoft.Extensions.Configuration": "10.0.12",
          "Microsoft.Extensions.Configuration.Abstractions": "10.0.12"
        }
      },
      "Microsoft.Extensions.Configuration.EnvironmentVariables": {
        "type": "Transitive",
        "resolved": "6.0.0",
        "contentHash": "DjYkzqvhiHCq38LW71PcIxXk6nhtV6VySP9yDcSO0goPl7YCU1VG1f2Wbgy58lkA10pWkjHCblZPUyboCB93ZA==",
        "dependencies": {
          "Microsoft.Extensions.Configuration": "6.0.0",
          "Microsoft.Extensions.Configuration.Abstractions": "6.0.0"
        }
      },
      "Microsoft.Extensions.Configuration.FileExtensions": {
        "type": "Transitive",
        "resolved": "6.0.0",
        "contentHash": "V4Dth2cYMZpw3HhGw9XUDIijpI6gN+22LDt0AhufIgOppCUfpWX4483OmN+dFXRJkJLc8Tv0Q8QK+1ingT2+KQ==",
        "dependencies": {
          "Microsoft.Extensions.Configuration": "6.0.0",
          "Microsoft.Extensions.Configuration.Abstractions": "6.0.0",
          "Microsoft.Extensions.FileProviders.Abstractions": "6.0.0",
          "Microsoft.Extensions.FileProviders.Physical": "6.0.0",
          "Microsoft.Extensions.Primitives": "6.0.0"
        }
      },
      "Microsoft.Extensions.Configuration.Ini": {
        "type": "Transitive",
        "resolved": "6.0.0",
        "contentHash": "4p1kPxibT+RNlj91k9SfvtNIUALqru9xmh+XT7Pfw80WAufCmgj3F81hpXZ4YOcFFphBSw1a+n8NZQooWxCHWQ==",
        "dependencies": {
          "Microsoft.Extensions.Configuration": "6.0.0",
          "Microsoft.Extensions.Configuration.Abstractions": "6.0.0",
          "Microsoft.Extensions.Configuration.FileExtensions": "6.0.0",
          "Microsoft.Extensions.FileProviders.Abstractions": "6.0.0"
        }
      },
      "Microsoft.Extensions.DependencyInjection": {
        "type": "Transitive",
        "resolved": "10.0.12",
        "contentHash": "lXyK2O5GoYvfxW8eCFcD16JFbcoSTM1sJkAM0UHS1jZyl9NYMW64Tqm6OQFT0IDBjZi+xHt95/Zg+nxZhGFhZg==",
        "dependencies": {
          "Microsoft.Extensions.DependencyInjection.Abstractions": "10.0.12"
        }
      },
      "Microsoft.Extensions.DependencyInjection.Abstractions": {
        "type": "Transitive",
        "resolved": "10.0.12",
        "contentHash": "9/qymSh7hVDMGTGwrLz8MRp5zRyXy9adGDOs4HwRdnLil3oZGYuWeZjbmHgCQ9BL1qBroVfgUK3U/nb61617Cw=="
      },
      "Microsoft.Extensions.DependencyModel": {
        "type": "Transitive",
        "resolved": "10.0.0",
        "contentHash": "RFYJR7APio/BiqdQunRq6DB+nDB6nc2qhHr77mlvZ0q0BT8PubMXN7XicmfzCbrDE/dzhBnUKBRXLTcqUiZDGg=="
      },
      "Microsoft.Extensions.Diagnostics": {
        "type": "Transitive",
        "resolved": "10.0.12",
        "contentHash": "amx0O/R4dReqKlC3T740+CHpX8D8tAIV0f5kAPfFi4XK9jYo9BSepGt9/rWfvvCoSMaZ1+XvnqPp/Vv2fmTdAg==",
        "dependencies": {
          "Microsoft.Extensions.Configuration": "10.0.12",
          "Microsoft.Extensions.Diagnostics.Abstractions": "10.0.12",
          "Microsoft.Extensions.Options.ConfigurationExtensions": "10.0.12"
        }
      },
      "Microsoft.Extensions.Diagnostics.Abstractions": {
        "type": "Transitive",
        "resolved": "10.0.12",
        "contentHash": "fMp91qlRlMOuHfMyp7LuAnOS+MOeWTF1obJmyFcs4nZCXu6pr+QB1AbFJcl2qpBltBrqF/Y7+Rn9IuNcSuctig==",
        "dependencies": {
          "Microsoft.Extensions.DependencyInjection.Abstractions": "10.0.12",
          "Microsoft.Extensions.Options": "10.0.12"
        }
      },
      "Microsoft.Extensions.Features": {
        "type": "Transitive",
        "resolved": "10.0.12",
        "contentHash": "GaHsj8gISJ4BtRI4iK4meCil+LAYmv3NWuPKg6d29sw9cNsEN+1N8UMQXA/JhUXdrGTy16+B+YtjY3bco/8jMA=="
      },
      "Microsoft.Extensions.FileProviders.Abstractions": {
        "type": "Transitive",
        "resolved": "10.0.0",
        "contentHash": "/ppSdehKk3fuXjlqCDgSOtjRK/pSHU8eWgzSHfHdwVm5BP4Dgejehkw+PtxKG2j98qTDEHDst2Y99aNsmJldmw==",
        "dependencies": {
          "Microsoft.Extensions.Primitives": "10.0.0"
        }
      },
      "Microsoft.Extensions.FileProviders.Physical": {
        "type": "Transitive",
        "resolved": "6.0.0",
        "contentHash": "QvkL7l0nM8udt3gfyu0Vw8bbCXblxaKOl7c2oBfgGy4LCURRaL9XWZX1FWJrQc43oMokVneVxH38iz+bY1sbhg==",
        "dependencies": {
          "Microsoft.Extensions.FileProviders.Abstractions": "6.0.0",
          "Microsoft.Extensions.FileSystemGlobbing": "6.0.0",
          "Microsoft.Extensions.Primitives": "6.0.0"
        }
      },
      "Microsoft.Extensions.FileSystemGlobbing": {
        "type": "Transitive",
        "resolved": "6.0.0",
        "contentHash": "ip8jnL1aPiaPeKINCqaTEbvBFDmVx9dXQEBZ2HOBRXPD1eabGNqP/bKlsIcp7U2lGxiXd5xIhoFcmY8nM4Hdiw=="
      },
      "Microsoft.Extensions.Hosting.Abstractions": {
        "type": "Transitive",
        "resolved": "10.0.0",
        "contentHash": "KrN6TGFwCwqOkLLk/idW/XtDQh+8In+CL9T4M1Dx+5ScsjTq4TlVbal8q532m82UYrMr6RiQJF2HvYCN0QwVsA==",
        "dependencies": {
          "Microsoft.Extensions.Configuration.Abstractions": "10.0.0",
          "Microsoft.Extensions.DependencyInjection.Abstractions": "10.0.0",
          "Microsoft.Extensions.Diagnostics.Abstractions": "10.0.0",
          "Microsoft.Extensions.FileProviders.Abstractions": "10.0.0",
          "Microsoft.Extensions.Logging.Abstractions": "10.0.0"
        }
      },
      "Microsoft.Extensions.Http": {
        "type": "Transitive",
        "resolved": "9.0.0",
        "contentHash": "DqI4q54U4hH7bIAq9M5a/hl5Odr/KBAoaZ0dcT4OgutD8dook34CbkvAfAIzkMVjYXiL+E5ul9etwwqiX4PHGw==",
        "dependencies": {
          "Microsoft.Extensions.Configuration.Abstractions": "9.0.0",
          "Microsoft.Extensions.DependencyInjection.Abstractions": "9.0.0",
          "Microsoft.Extensions.Diagnostics": "9.0.0",
          "Microsoft.Extensions.Logging": "9.0.0",
          "Microsoft.Extensions.Logging.Abstractions": "9.0.0",
          "Microsoft.Extensions.Options": "9.0.0"
        }
      },
      "Microsoft.Extensions.Identity.Core": {
        "type": "Transitive",
        "resolved": "10.0.12",
        "contentHash": "LSAF4Wss2uRbS88TsmyyKw00NThc78RIJ6Y1FIU+Hmo7KOPxyBVg9nvFXErrm9vTFWdIIiLX16fmjM1lfdXCTw==",
        "dependencies": {
          "Microsoft.AspNetCore.Cryptography.KeyDerivation": "10.0.12",
          "Microsoft.Extensions.Diagnostics": "10.0.12",
          "Microsoft.Extensions.Logging": "10.0.12",
          "Microsoft.Extensions.Options": "10.0.12"
        }
      },
      "Microsoft.Extensions.Identity.Stores": {
        "type": "Transitive",
        "resolved": "10.0.12",
        "contentHash": "HhUHz5hKvkBlhr/TKvUw/mSpZiR+kv/GSrnJHb0v7wMCKXweMwO5HvdF6agqNBIGr2FxqaGDJRBEvFrw6ZMbdQ==",
        "dependencies": {
          "Microsoft.Extensions.Caching.Abstractions": "10.0.12",
          "Microsoft.Extensions.Identity.Core": "10.0.12",
          "Microsoft.Extensions.Logging": "10.0.12"
        }
      },
      "Microsoft.Extensions.Logging": {
        "type": "Transitive",
        "resolved": "10.0.12",
        "contentHash": "6I46fTPfgYkrjRYfRXbho9WOvOelTnNjWuZws/hzGHDASH1LEJeA4VKK9k3wJvido8o7jJSB5WkMTonX7HM1bA==",
        "dependencies": {
          "Microsoft.Extensions.DependencyInjection": "10.0.12",
          "Microsoft.Extensions.Logging.Abstractions": "10.0.12",
          "Microsoft.Extensions.Options": "10.0.12"
        }
      },
      "Microsoft.Extensions.Logging.Abstractions": {
        "type": "Transitive",
        "resolved": "10.0.12",
        "contentHash": "+24lC4plfbEDNfLAdTV/SWKS7dW+16X4HdydO3R++134kSNTzcbYA4KpR1Hdh6uWisB8Za3AzwyOn+K+NxWIug==",
        "dependencies": {
          "Microsoft.Extensions.DependencyInjection.Abstractions": "10.0.12"
        }
      },
      "Microsoft.Extensions.Options": {
        "type": "Transitive",
        "resolved": "10.0.12",
        "contentHash": "TDYD33TSRpXKZWlmTXNlj5kCihxatmv2Ec1u6C+bMYLphCS7PoSLE9Pjd/nunDoE7yETk+LLKjVJX78HYtWjpA==",
        "dependencies": {
          "Microsoft.Extensions.DependencyInjection.Abstractions": "10.0.12",
          "Microsoft.Extensions.Primitives": "10.0.12"
        }
      },
      "Microsoft.Extensions.Options.ConfigurationExtensions": {
        "type": "Transitive",
        "resolved": "10.0.12",
        "contentHash": "rqpu4qj5WE9x1IHGXSIgHBKi7IUlQaHyp4aXCYIanG2OghlUMFZpZTgExaXwcvmLAJHsxKQWMPpc7D2WIbCVtA==",
        "dependencies": {
          "Microsoft.Extensions.Configuration.Abstractions": "10.0.12",
          "Microsoft.Extensions.Configuration.Binder": "10.0.12",
          "Microsoft.Extensions.DependencyInjection.Abstractions": "10.0.12",
          "Microsoft.Extensions.Options": "10.0.12",
          "Microsoft.Extensions.Primitives": "10.0.12"
        }
      },
      "Microsoft.Extensions.Primitives": {
        "type": "Transitive",
        "resolved": "10.0.12",
        "contentHash": "dYfCLR52UA+3DL7C4I/pvSaRPkNqxrUAQmbFL2u0zvYKKzqgrFCJl08Df+F1aYc8leu9JvpC9bsURUdpExcBXQ=="
      },
      "Microsoft.Identity.Abstractions": {
        "type": "Transitive",
        "resolved": "9.3.0",
        "contentHash": "h9l1IYmHecH/iCkhHvJIgSRidp5igQ9zM9s8DJ03DDThjJAVQzopucFEWPEPu1YpNt8VFc46sC6zpspfViNKPQ=="
      },
      "Microsoft.IdentityModel.Abstractions": {
        "type": "Transitive",
        "resolved": "8.13.1",
        "contentHash": "syKvRx82lGmZnaK4xlrbJb0mCLV0Yv+gyAApEfKhwaUEgEs9NPPkiUvthYOldRFhXwUscMBA7Uehd7u/pD+WTQ=="
      },
      "Microsoft.IdentityModel.JsonWebTokens": {
        "type": "Transitive",
        "resolved": "8.13.1",
        "contentHash": "y2aOHMgUccbiiikRyzuQkxD6Z7TGTVVxWlh3p+HfpMtnl91H64CgPIcO14rZtnO3lQjF3FAKc9iaqdTcRKQfQw==",
        "dependencies": {
          "Microsoft.IdentityModel.Tokens": "8.13.1"
        }
      },
      "Microsoft.IdentityModel.Logging": {
        "type": "Transitive",
        "resolved": "8.13.1",
        "contentHash": "zTydfVg6hvtYRPrfBaAZGELtdBKxM3NXtLQ/j1QT9LFZybq5L9S/uoovps9vRdaRGxWxQfkjF3Bh8CLuvpj2Ag==",
        "dependencies": {
          "Microsoft.IdentityModel.Abstractions": "8.13.1"
        }
      },
      "Microsoft.IdentityModel.Tokens": {
        "type": "Transitive",
        "resolved": "8.13.1",
        "contentHash": "9Nnr8JlJNIMAulhIi0D3ZevO54NQdk+IHH6skey1KSOItPFhOSe2dp9VeRMJZ1sN168gtDTOl8XRDbltHvxmhg==",
        "dependencies": {
          "Microsoft.Extensions.Logging.Abstractions": "8.0.0",
          "Microsoft.Identity.Abstractions": "9.3.0",
          "Microsoft.IdentityModel.Logging": "8.13.1"
        }
      },
      "Microsoft.NETCore.Platforms": {
        "type": "Transitive",
        "resolved": "1.1.0",
        "contentHash": "kz0PEW2lhqygehI/d6XsPCQzD7ff7gUJaVGPVETX611eadGsA3A877GdSlU0LRVMCTH/+P3o2iDTak+S08V2+A=="
      },
      "Microsoft.Win32.SystemEvents": {
        "type": "Transitive",
        "resolved": "6.0.0",
        "contentHash": "hqTM5628jSsQiv+HGpiq3WKBl2c8v1KZfby2J6Pr7pEPlK9waPdgEO6b8A/+/xn/yZ9ulv8HuqK71ONy2tg67A=="
      },
      "MimeKit": {
        "type": "Transitive",
        "resolved": "4.18.1",
        "contentHash": "D8AfFVMFVJldWmhQWCziC9nWUN/zayFFBAKpyjVyCeh0tqBiI9jtUVuMrKgWw1EGnCp09msDZldbRvp2jfUehQ==",
        "dependencies": {
          "BouncyCastle.Cryptography": "2.7.0",
          "System.Security.Cryptography.Pkcs": "10.0.0"
        }
      },
      "NBitcoin": {
        "type": "Transitive",
        "resolved": "10.0.15",
        "contentHash": "x+ndiIKQk3GpTF65bSwCSdcrt9zOpX8vsBMLn22fxIsbnbvyW4RatxJwUXQuE+nS3NCQ7TmxAETe922L0KzLoQ==",
        "dependencies": {
          "Microsoft.Extensions.Logging.Abstractions": "1.0.0",
          "Newtonsoft.Json": "13.0.4"
        }
      },
      "NBitcoin.Altcoins": {
        "type": "Transitive",
        "resolved": "6.0.9",
        "contentHash": "WZ2JE/HH8xValAqD4BB77ser/3bY/rtC1jW3z1NroHNradyL41mSDSOCjxYC2J+ajY4B7sool/0YXG7QxR8gcg==",
        "dependencies": {
          "NBitcoin": "10.0.14"
        }
      },
      "NBitpayClient": {
        "type": "Transitive",
        "resolved": "1.0.0.39",
        "contentHash": "A8QeBY/DQL3cBKniiJG6c1HurSP7TrW2v0bjayXS9wVkr0O4ys04Lk8ZNElkwpGPH9xINsTLQQ8HVqx1zkfbfQ==",
        "dependencies": {
          "NBitcoin": "5.0.40",
          "NETStandard.Library": "1.6.1"
        }
      },
      "NBXplorer.Client": {
        "type": "Transitive",
        "resolved": "5.0.11",
        "contentHash": "A1Q2uXF+0tDD+BIF/d4dMW6WWiCmUGlb5vWAu0nFQZmwzrOdpbTDsRK/8wBAdPtbbQuUO8wm30Uu5adqMnDc3w==",
        "dependencies": {
          "Microsoft.AspNetCore.Mvc.NewtonsoftJson": "10.0.12",
          "NBitcoin": "10.0.14",
          "NBitcoin.Altcoins": "6.0.9"
        }
      },
      "NETStandard.Library": {
        "type": "Transitive",
        "resolved": "1.6.1",
        "contentHash": "WcSp3+vP+yHNgS8EV5J7pZ9IRpeDuARBPN28by8zqff1wJQXm26PVU8L3/fYLBJVU7BtDyqNVWq2KlCVvSSR4A==",
        "dependencies": {
          "Microsoft.NETCore.Platforms": "1.1.0"
        }
      },
      "Newtonsoft.Json": {
        "type": "Transitive",
        "resolved": "13.0.4",
        "contentHash": "pdgNNMai3zv51W5aq268sujXUyx7SNdE2bj1wZcWjAQrKMFZV260lbqYop1d2GM67JI1huLRwxo9ZqnfF/lC6A=="
      },
      "Newtonsoft.Json.Bson": {
        "type": "Transitive",
        "resolved": "1.0.2",
        "contentHash": "QYFyxhaABwmq3p/21VrZNYvCg3DaEoN/wUuw5nmfAf0X3HLjgupwhkEWdgfb9nvGAUIv3osmZoD3kKl4jxEmYQ==",
        "dependencies": {
          "Newtonsoft.Json": "12.0.1"
        }
      },
      "NicolasDorier.CommandLine": {
        "type": "Transitive",
        "resolved": "2.0.0",
        "contentHash": "6gomT52lcmr851skTYf+pZHPCGDlPI3MiAQUZHPeqtkeyzY3DKv8kOsbRc0BWR13gO/1QPPRd0Qq7hT9V0hzKw=="
      },
      "NicolasDorier.CommandLine.Configuration": {
        "type": "Transitive",
        "resolved": "2.0.0",
        "contentHash": "EravxSGO5WCDOsRXD4K0RCGEblV5mfgCHDF/W7jOzsV0w5Q0vBQN/UPcnKrhTl4Ri40+vu73BpztE4SAvDhWhg==",
        "dependencies": {
          "Microsoft.Extensions.Configuration": "6.0.0",
          "NicolasDorier.CommandLine": "2.0.0"
        }
      },
      "NicolasDorier.RateLimits": {
        "type": "Transitive",
        "resolved": "1.2.3",
        "contentHash": "5eVCSdyNEpgd2sRH6++RRHsX5mzV1eQSEIXvUzV3YqlNPppsgYDhsO8oy7TFekzbZwwQjfAl4G1uvX3TdHeOKQ=="
      },
      "NicolasDorier.StandardConfiguration": {
        "type": "Transitive",
        "resolved": "2.0.1",
        "contentHash": "G9RRKKhtzNiw6T/xlEPv/u7iNHNSIL5a+qCKejSPPSfEf1V2ljRu9UWs/+L12YFdIfiQb/go2EFVGBo6qW3OLg==",
        "dependencies": {
          "Microsoft.Extensions.Configuration.EnvironmentVariables": "6.0.0",
          "Microsoft.Extensions.Configuration.Ini": "6.0.0",
          "Microsoft.Extensions.Logging.Abstractions": "6.0.0",
          "NicolasDorier.CommandLine.Configuration": "2.0.0"
        }
      },
      "NLog": {
        "type": "Transitive",
        "resolved": "6.0.3",
        "contentHash": "5RMrpvadysflvDOi5ozD7aK1P+YL2DyZbQSxzE8qBKkw2pxPNOQA6vJtumcT6SuzE9qxhwGkQwMkLLaKnALwiw=="
      },
      "Npgsql": {
        "type": "Transitive",
        "resolved": "10.0.3",
        "contentHash": "7nb5YzXuvWWJxB0J8DiyL3we+X4FOctZrt0fIBnucOIaIevFEEwGQVZKtiu9olXdlNAK1eNgqSral6r/jlhI4w==",
        "dependencies": {
          "Microsoft.Extensions.Logging.Abstractions": "10.0.0"
        }
      },
      "Npgsql.EntityFrameworkCore.PostgreSQL": {
        "type": "Transitive",
        "resolved": "10.0.3",
        "contentHash": "IPGrrZnRkuW7OlHDhUESZz4G5DLkW7Nej/O3Cx+0iTsgyU5XJxBgpsvTHLloo3WWuAKKbDHXBvWPVkX1deRh1Q==",
        "dependencies": {
          "Microsoft.EntityFrameworkCore": "[10.0.4, 11.0.0)",
          "Microsoft.EntityFrameworkCore.Relational": "[10.0.4, 11.0.0)",
          "Npgsql": "10.0.3"
        }
      },
      "NSec.Cryptography": {
        "type": "Transitive",
        "resolved": "25.4.0",
        "contentHash": "Z3wPpG0xefMLmhn9T+Ka/EzAmMQPT0THL/5E4lf9cXI/N9rbGH0G23ZFpRcPnD0ast2k7ieG6QSVNIjmfPCXBQ==",
        "dependencies": {
          "libsodium": "[1.0.20.1, 1.0.21)"
        }
      },
      "QRCoder": {
        "type": "Transitive",
        "resolved": "1.8.0",
        "contentHash": "RuvX3PEXU6pbY/I5ItAk800jm62r+YnoPLgyS2WTgwxkOnGkOfU9ORiipHUF0LkLyqM8rlroUCA319JjRYfRFQ==",
        "dependencies": {
          "System.Drawing.Common": "6.0.0"
        }
      },
      "Serilog": {
        "type": "Transitive",
        "resolved": "4.4.0",
        "contentHash": "ZC6Le3rr4TVJJjS4KsQAesxeF1EhW9qcZmmG7eP5Y2G3+gTGkJEUXkq4+tZNPtyp05I0wWOxnIjwtxFweJsObw=="
      },
      "Serilog.AspNetCore": {
        "type": "Transitive",
        "resolved": "10.0.0",
        "contentHash": "a/cNa1mY4On1oJlfGG1wAvxjp5g7OEzk/Jf/nm7NF9cWoE7KlZw1GldrifUBWm9oKibHkR7Lg/l5jy3y7ACR8w==",
        "dependencies": {
          "Serilog": "4.3.0",
          "Serilog.Extensions.Hosting": "10.0.0",
          "Serilog.Formatting.Compact": "3.0.0",
          "Serilog.Settings.Configuration": "10.0.0",
          "Serilog.Sinks.Console": "6.1.1",
          "Serilog.Sinks.Debug": "3.0.0",
          "Serilog.Sinks.File": "7.0.0"
        }
      },
      "Serilog.Extensions.Hosting": {
        "type": "Transitive",
        "resolved": "10.0.0",
        "contentHash": "E7juuIc+gzoGxgzFooFgAV8g9BfiSXNKsUok9NmEpyAXg2odkcPsMa/Yo4axkJRlh0se7mkYQ1GXDaBemR+b6w==",
        "dependencies": {
          "Microsoft.Extensions.DependencyInjection.Abstractions": "10.0.0",
          "Microsoft.Extensions.Hosting.Abstractions": "10.0.0",
          "Microsoft.Extensions.Logging.Abstractions": "10.0.0",
          "Serilog": "4.3.0",
          "Serilog.Extensions.Logging": "10.0.0"
        }
      },
      "Serilog.Extensions.Logging": {
        "type": "Transitive",
        "resolved": "10.0.0",
        "contentHash": "vx0kABKl2dWbBhhqAfTOk53/i8aV/5VaT3a6il9gn72Wqs2pM7EK2OB6No6xdqK2IaY6Zf9gdjLuK9BVa2rT+Q==",
        "dependencies": {
          "Microsoft.Extensions.Logging": "10.0.0",
          "Serilog": "4.2.0"
        }
      },
      "Serilog.Formatting.Compact": {
        "type": "Transitive",
        "resolved": "3.0.0",
        "contentHash": "wQsv14w9cqlfB5FX2MZpNsTawckN4a8dryuNGbebB/3Nh1pXnROHZov3swtu3Nj5oNG7Ba+xdu7Et/ulAUPanQ==",
        "dependencies": {
          "Serilog": "4.0.0"
        }
      },
      "Serilog.Settings.Configuration": {
        "type": "Transitive",
        "resolved": "10.0.0",
        "contentHash": "LNq+ibS1sbhTqPV1FIE69/9AJJbfaOhnaqkzcjFy95o+4U+STsta9mi97f1smgXsWYKICDeGUf8xUGzd/52/uA==",
        "dependencies": {
          "Microsoft.Extensions.Configuration.Binder": "10.0.0",
          "Microsoft.Extensions.DependencyModel": "10.0.0",
          "Serilog": "4.3.0"
        }
      },
      "Serilog.Sinks.Console": {
        "type": "Transitive",
        "resolved": "6.1.1",
        "contentHash": "8jbqgjUyZlfCuSTaJk6lOca465OndqOz3KZP6Cryt/IqZYybyBu7GP0fE/AXBzrrQB3EBmQntBFAvMVz1COvAA==",
        "dependencies": {
          "Serilog": "4.0.0"
        }
      },
      "Serilog.Sinks.Debug": {
        "type": "Transitive",
        "resolved": "3.0.0",
        "contentHash": "4BzXcdrgRX7wde9PmHuYd9U6YqycCC28hhpKonK7hx0wb19eiuRj16fPcPSVp0o/Y1ipJuNLYQ00R3q2Zs8FDA==",
        "dependencies": {
          "Serilog": "4.0.0"
        }
      },
      "Serilog.Sinks.File": {
        "type": "Transitive",
        "resolved": "7.0.0",
        "contentHash": "fKL7mXv7qaiNBUC71ssvn/dU0k9t0o45+qm2XgKAlSt19xF+ijjxyA3R6HmCgfKEKwfcfkwWjayuQtRueZFkYw==",
        "dependencies": {
          "Serilog": "4.2.0"
        }
      },
      "SocketIO.Core": {
        "type": "Transitive",
        "resolved": "3.1.2",
        "contentHash": "tb6vZ7DYhZooRGLHTPK7/Gifbu+kHbkQRbsee0LAnI28pWc5+Br+juh4pvid3kfIrGTl5dzAfy5huLELVU4svA=="
      },
      "SocketIO.Serializer.Core": {
        "type": "Transitive",
        "resolved": "3.1.2",
        "contentHash": "/cJtU3JVzjqP/Jh3BpMMR0aNzYua6s9e3+hjZ6OnYprFHrGYyg/n9OcST1dBjmOvvgyJ3GwJlyq0NjnPETAHsA==",
        "dependencies": {
          "SocketIO.Core": "3.1.2"
        }
      },
      "SocketIO.Serializer.SystemTextJson": {
        "type": "Transitive",
        "resolved": "3.1.2",
        "contentHash": "AA8w3Y4JldC3FaL1D4WuyG4zLPdrzjf8AQx1LCKtzlMlTLOcbEW0UGt+BhKxkUnxYAD5O5fsqRrTNCGXu6VeWA==",
        "dependencies": {
          "SocketIO.Core": "3.1.2",
          "SocketIO.Serializer.Core": "3.1.2"
        }
      },
      "SocketIOClient": {
        "type": "Transitive",
        "resolved": "3.1.2",
        "contentHash": "CMmnmhvG1Qf8k6BPh3RLqc/9MNvGUlCOyptjoP8a62bowPQkHTWvN25yy+gQqx5Ry/NgzkQHBJNpmRJhZNZrVQ==",
        "dependencies": {
          "SocketIO.Serializer.Core": "3.1.2",
          "SocketIO.Serializer.SystemTextJson": "3.1.2"
        }
      },
      "System.ClientModel": {
        "type": "Transitive",
        "resolved": "1.8.0",
        "contentHash": "AqRzhn0v29GGGLj/Z6gKq4lGNtvPHT4nHdG5PDJh9IfVjv/nYUVmX11hwwws1vDFeIAzrvmn0dPu8IjLtu6fAw==",
        "dependencies": {
          "Microsoft.Extensions.Logging.Abstractions": "8.0.3",
          "System.Memory.Data": "8.0.1"
        }
      },
      "System.CodeDom": {
        "type": "Transitive",
        "resolved": "7.0.0",
        "contentHash": "GLltyqEsE5/3IE+zYRP5sNa1l44qKl9v+bfdMcwg+M9qnQf47wK3H0SUR/T+3N4JEQXF3vV4CSuuo0rsg+nq2A=="
      },
      "System.Configuration.ConfigurationManager": {
        "type": "Transitive",
        "resolved": "9.0.8",
        "contentHash": "BR70HYY5jeOa/jBrd/wyydpuqhFyla2ybQRL/UPBIiSvctVqi18iQoM44Gx41jy7t6wuAdKuTnie6io4j8aq3w==",
        "dependencies": {
          "System.Diagnostics.EventLog": "9.0.8",
          "System.Security.Cryptography.ProtectedData": "9.0.8"
        }
      },
      "System.Diagnostics.EventLog": {
        "type": "Transitive",
        "resolved": "9.0.8",
        "contentHash": "gebRF3JLLJ76jz1CQpvwezNapZUjFq20JQsaGHzBH0DzlkHBLpdhwkOei9usiOkIGMwU/L0ALWpNe1JE+5/itw=="
      },
      "System.Drawing.Common": {
        "type": "Transitive",
        "resolved": "6.0.0",
        "contentHash": "NfuoKUiP2nUWwKZN6twGqXioIe1zVD0RIj2t976A+czLHr2nY454RwwXs6JU9Htc6mwqL6Dn/nEL3dpVf2jOhg==",
        "dependencies": {
          "Microsoft.Win32.SystemEvents": "6.0.0"
        }
      },
      "System.Formats.Cbor": {
        "type": "Transitive",
        "resolved": "9.0.0",
        "contentHash": "v8LmGrvD0thxFBn5/SaMc5Y0AecfOeoKlAcek1X0fIta8Eb0+fZA3kGelUNE9HhOAe1J1h/tDKjKxh88DWBMjA=="
      },
      "System.IdentityModel.Tokens.Jwt": {
        "type": "Transitive",
        "resolved": "8.13.1",
        "contentHash": "tpYLV4ghuPPFtA/by/WzbeCv/kJqbbKrHde6ENiu6Op1nqVoCxV9C5Q0smlQnlnqZE35+oPYKIfz1qyWjusT7A==",
        "dependencies": {
          "Microsoft.IdentityModel.JsonWebTokens": "8.13.1",
          "Microsoft.IdentityModel.Tokens": "8.13.1"
        }
      },
      "System.IO.Hashing": {
        "type": "Transitive",
        "resolved": "10.0.1",
        "contentHash": "Dy6ULPb2S0GmNndjKrEIpfibNsc8+FTOoZnqygtFDuyun8vWboQbfMpQtKUXpgTxokR5E4zFHETpNnGfeWY6NA=="
      },
      "System.Management": {
        "type": "Transitive",
        "resolved": "7.0.2",
        "contentHash": "/qEUN91mP/MUQmJnM5y5BdT7ZoPuVrtxnFlbJ8a3kBJGhe2wCzBfnPFtK2wTtEEcf3DMGR9J00GZZfg6HRI6yA==",
        "dependencies": {
          "System.CodeDom": "7.0.0"
        }
      },
      "System.Memory.Data": {
        "type": "Transitive",
        "resolved": "8.0.1",
        "contentHash": "BVYuec3jV23EMRDeR7Dr1/qhx7369dZzJ9IWy2xylvb4YfXsrUxspWc4UWYid/tj4zZK58uGZqn2WQiaDMhmAg=="
      },
      "System.Security.Cryptography.Pkcs": {
        "type": "Transitive",
        "resolved": "10.0.0",
        "contentHash": "UPWqLSygJlFerRi9XNIuM0a1VC8gHUIufyP24xQ0sc+XimqUAEcjpOz9DhKpyDjH+5B/wO3RpC0KpkEeDj/ddg=="
      },
      "System.Security.Cryptography.ProtectedData": {
        "type": "Transitive",
        "resolved": "9.0.8",
        "contentHash": "w7+KCnqmtDboV8dxTLxlUltasP7AgzNFdTLq1D/ey50ykgXW+CJBIQkzYZjgPzmjKB+/PGGUKYrH7TSbwrDtRw=="
      },
      "TwentyTwenty.Storage": {
        "type": "Transitive",
        "resolved": "3.0.0",
        "contentHash": "greYjfvUrHw0zkc/QcPd5bYr/7U5C3W82jIHqsBQQsfiMGY0wqL5ghDyd56bHI6Fo+PRz5rR/nsHUT89cl4GTQ=="
      },
      "TwentyTwenty.Storage.Amazon": {
        "type": "Transitive",
        "resolved": "3.0.0",
        "contentHash": "CNtLqEM9Sr2512Wowf78sHz/L/GiQ8ZPq+01ffWV0h/sjVwIhUI1XWskBcIFFWO1CHdh3MbBfKcHQEk106rGjw==",
        "dependencies": {
          "AWSSDK.S3": "4.0.18.8",
          "TwentyTwenty.Storage": "3.0.0"
        }
      },
      "TwentyTwenty.Storage.Azure": {
        "type": "Transitive",
        "resolved": "3.0.0",
        "contentHash": "8ECQb4McwnF/XCZx6JEB0b4wyNNuAiYRWWMXr8D9zjyYRgBFqSLkX3zGo3iduXbfILWdTR7gucw2MUK0A4SNDw==",
        "dependencies": {
          "Azure.Storage.Blobs": "12.27.0",
          "TwentyTwenty.Storage": "3.0.0"
        }
      },
      "TwentyTwenty.Storage.Google": {
        "type": "Transitive",
        "resolved": "3.0.0",
        "contentHash": "Knafv7pLv3S0/OfN8Ha3KWa2cbLBP9e3EcWCLXCahzBGLE4LmtrQio81xz6MRzhfPEjZvAzHvvg6Iu9sP+JY9w==",
        "dependencies": {
          "Google.Cloud.Storage.V1": "4.14.0",
          "TwentyTwenty.Storage": "3.0.0"
        }
      },
      "TwentyTwenty.Storage.Local": {
        "type": "Transitive",
        "resolved": "3.0.0",
        "contentHash": "PcR6IvNwy/42dL/tA566v6KLGnuv2bTXyqqARKy0ZGD7Nhs/TGJXcrkH/fqSQvxTL6JBQfx6zEWzA9r3d3Z+fA==",
        "dependencies": {
          "TwentyTwenty.Storage": "3.0.0"
        }
      },
      "YamlDotNet": {
        "type": "Transitive",
        "resolved": "18.1.0",
        "contentHash": "5K+9KFg2TdTl7VXv88Qzi/0lqK6JFoNP3lRuImPYGRV7K/QYklDyTrj4+A+KAki1JsQi6qKY+hDyY7d6WRqjrw=="
      },
      "btcpayserver": {
        "type": "Project",
        "dependencies": {
          "BIP78.Sender": "[0.2.5, )",
          "BTCPayServer.Abstractions": "[2.4.5, )",
          "BTCPayServer.Client": "[2.4.4, )",
          "BTCPayServer.Common": "[2.4.5, )",
          "BTCPayServer.Data": "[2.4.5, )",
          "BTCPayServer.Hwi": "[2.0.6, )",
          "BTCPayServer.Lightning.All": "[1.7.12, )",
          "BTCPayServer.NTag424": "[1.0.25, )",
          "BTCPayServer.Rating": "[2.4.5, )",
          "CsvHelper": "[33.1.0, )",
          "Fido2": "[4.2.0, )",
          "Fido2.AspNet": "[4.2.0, )",
          "LNURL": "[0.0.36, )",
          "MailKit": "[4.18.1, )",
          "Microsoft.AspNetCore.Mvc.NewtonsoftJson": "[10.0.12, )",
          "Microsoft.AspNetCore.SignalR.Protocols.NewtonsoftJson": "[10.0.12, )",
          "NBitcoin": "[10.0.15, )",
          "NBitpayClient": "[1.0.0.39, )",
          "Newtonsoft.Json": "[13.0.4, )",
          "NicolasDorier.CommandLine": "[2.0.0, )",
          "NicolasDorier.CommandLine.Configuration": "[2.0.0, )",
          "NicolasDorier.RateLimits": "[1.2.3, )",
          "QRCoder": "[1.8.0, )",
          "Serilog": "[4.4.0, )",
          "Serilog.AspNetCore": "[10.0.0, )",
          "Serilog.Sinks.File": "[7.0.0, )",
          "TwentyTwenty.Storage": "[3.0.0, )",
          "TwentyTwenty.Storage.Amazon": "[3.0.0, )",
          "TwentyTwenty.Storage.Azure": "[3.0.0, )",
          "TwentyTwenty.Storage.Google": "[3.0.0, )",
          "TwentyTwenty.Storage.Local": "[3.0.0, )",
          "YamlDotNet": "[18.1.0, )"
        }
      },
      "btcpayserver.abstractions": {
        "type": "Project",
        "dependencies": {
          "BTCPayServer.Client": "[2.4.4, )",
          "HtmlSanitizer": "[9.2.1039, )",
          "Microsoft.AspNetCore.SignalR.Protocols.NewtonsoftJson": "[10.0.12, )",
          "Microsoft.EntityFrameworkCore": "[10.0.12, )",
          "Npgsql.EntityFrameworkCore.PostgreSQL": "[10.0.3, )"
        }
      },
      "btcpayserver.client": {
        "type": "Project",
        "dependencies": {
          "BTCPayServer.Lightning.Common": "[1.7.4, )",
          "NBitcoin": "[10.0.15, )",
          "Newtonsoft.Json": "[13.0.4, )"
        }
      },
      "btcpayserver.common": {
        "type": "Project",
        "dependencies": {
          "NBXplorer.Client": "[5.0.11, )",
          "NicolasDorier.StandardConfiguration": "[2.0.1, )"
        }
      },
      "btcpayserver.data": {
        "type": "Project",
        "dependencies": {
          "BTCPayServer.Abstractions": "[2.4.5, )",
          "BTCPayServer.Client": "[2.4.4, )",
          "Dapper": "[2.1.89, )",
          "Microsoft.AspNetCore.Identity.EntityFrameworkCore": "[10.0.12, )",
          "Microsoft.EntityFrameworkCore": "[10.0.12, )",
          "NBitcoin.Altcoins": "[6.0.9, )"
        }
      },
      "btcpayserver.rating": {
        "type": "Project",
        "dependencies": {
          "DigitalRuby.ExchangeSharp": "[1.2.1, )",
          "Microsoft.AspNet.WebApi.Client": "[6.0.0, )",
          "Microsoft.CodeAnalysis.CSharp": "[5.9.0, )",
          "NBitcoin": "[10.0.15, )",
          "Newtonsoft.Json": "[13.0.4, )"
        }
      }
    }
  }
}